// !$*UTF8*$!
{
	archiveVersion = 1;
	classes = {
	};
	objectVersion = 46;
	objects = {

/* Begin PBXBuildFile section */
		694A5AA3928C56FF7979C092 /* Pods_BTOnline_BTOnlineTests.framework in Frameworks */ = {isa = PBXBuildFile; fileRef = 79A4EDB3D4CEAD755CAB9958 /* Pods_BTOnline_BTOnlineTests.framework */; };
		76C60AF8B9E48D3230218FA2 /* Pods_BTOnline.framework in Frameworks */ = {isa = PBXBuildFile; fileRef = CD6157BCFE18E6143D3CB043 /* Pods_BTOnline.framework */; };
		AC369C912113F2C300FD5A02 /* PopUpViewController.xib in Resources */ = {isa = PBXBuildFile; fileRef = AC369C8A2113F2C300FD5A02 /* PopUpViewController.xib */; };
		AC369C922113F2C300FD5A02 /* PopUpTableViewCell.swift in Sources */ = {isa = PBXBuildFile; fileRef = AC369C8C2113F2C300FD5A02 /* PopUpTableViewCell.swift */; };
		AC369C932113F2C300FD5A02 /* PopUpTableViewCell.xib in Resources */ = {isa = PBXBuildFile; fileRef = AC369C8D2113F2C300FD5A02 /* PopUpTableViewCell.xib */; };
		AC369C942113F2C300FD5A02 /* PopUpCellViewModel.swift in Sources */ = {isa = PBXBuildFile; fileRef = AC369C8E2113F2C300FD5A02 /* PopUpCellViewModel.swift */; };
		AC369C952113F2C300FD5A02 /* PopUpViewModel.swift in Sources */ = {isa = PBXBuildFile; fileRef = AC369C8F2113F2C300FD5A02 /* PopUpViewModel.swift */; };
		AC369C962113F2C300FD5A02 /* PopUpViewController.swift in Sources */ = {isa = PBXBuildFile; fileRef = AC369C902113F2C300FD5A02 /* PopUpViewController.swift */; };
		AC369C982113F2F200FD5A02 /* PopUpItem.swift in Sources */ = {isa = PBXBuildFile; fileRef = AC369C972113F2F200FD5A02 /* PopUpItem.swift */; };
		AC381336211198580051F573 /* Feed.swift in Sources */ = {isa = PBXBuildFile; fileRef = AC381335211198580051F573 /* Feed.swift */; };
		ACB04584210F01F100159503 /* BaseTabBarController.swift in Sources */ = {isa = PBXBuildFile; fileRef = ACB04583210F01F100159503 /* BaseTabBarController.swift */; };
		ACB0458C210F040C00159503 /* LoginViewController.swift in Sources */ = {isa = PBXBuildFile; fileRef = ACB0458A210F040C00159503 /* LoginViewController.swift */; };
		ACB0458D210F040C00159503 /* LoginViewController.xib in Resources */ = {isa = PBXBuildFile; fileRef = ACB0458B210F040C00159503 /* LoginViewController.xib */; };
		ACB0459C210F061C00159503 /* SearchViewController.swift in Sources */ = {isa = PBXBuildFile; fileRef = ACB0459A210F061C00159503 /* SearchViewController.swift */; };
		ACB0459D210F061C00159503 /* SearchViewController.xib in Resources */ = {isa = PBXBuildFile; fileRef = ACB0459B210F061C00159503 /* SearchViewController.xib */; };
		ACB045A0210F063A00159503 /* ProfileViewController.swift in Sources */ = {isa = PBXBuildFile; fileRef = ACB0459E210F063A00159503 /* ProfileViewController.swift */; };
		ACB045A1210F063A00159503 /* ProfileViewController.xib in Resources */ = {isa = PBXBuildFile; fileRef = ACB0459F210F063A00159503 /* ProfileViewController.xib */; };
		ACB045A3210F0CEB00159503 /* BaseNavigationController.swift in Sources */ = {isa = PBXBuildFile; fileRef = ACB045A2210F0CEB00159503 /* BaseNavigationController.swift */; };
		B00C79202117F67C002E8C75 /* UIImageViewExt.swift in Sources */ = {isa = PBXBuildFile; fileRef = B00C791F2117F67B002E8C75 /* UIImageViewExt.swift */; };
		B03E5A032112CF4D0027188E /* Key.swift in Sources */ = {isa = PBXBuildFile; fileRef = B03E5A022112CF4D0027188E /* Key.swift */; };
		B03E5A062112DE530027188E /* UIWebViewExt.swift in Sources */ = {isa = PBXBuildFile; fileRef = B03E5A042112DE530027188E /* UIWebViewExt.swift */; };
		B03E5A072112DE530027188E /* URLExt.swift in Sources */ = {isa = PBXBuildFile; fileRef = B03E5A052112DE530027188E /* URLExt.swift */; };
		B03E5A092112DE750027188E /* Session.swift in Sources */ = {isa = PBXBuildFile; fileRef = B03E5A082112DE750027188E /* Session.swift */; };
		B03E5A0E2112DEBB0027188E /* LoginViewModel.swift in Sources */ = {isa = PBXBuildFile; fileRef = B03E5A0A2112DEBA0027188E /* LoginViewModel.swift */; };
		B050E3DD216E0A69006D0614 /* ProfileViewModel.swift in Sources */ = {isa = PBXBuildFile; fileRef = B050E3DC216E0A69006D0614 /* ProfileViewModel.swift */; };
		B050EB742114358700E16758 /* API.Feed.swift in Sources */ = {isa = PBXBuildFile; fileRef = B050EB732114358700E16758 /* API.Feed.swift */; };
		B051C8BC2165B66900C0CFC8 /* CinemaCell.swift in Sources */ = {isa = PBXBuildFile; fileRef = B051C8BA2165B66900C0CFC8 /* CinemaCell.swift */; };
		B051C8BD2165B66900C0CFC8 /* CinemaCell.xib in Resources */ = {isa = PBXBuildFile; fileRef = B051C8BB2165B66900C0CFC8 /* CinemaCell.xib */; };
		B051C8BF2165B69000C0CFC8 /* CinemaCellViewModel.swift in Sources */ = {isa = PBXBuildFile; fileRef = B051C8BE2165B69000C0CFC8 /* CinemaCellViewModel.swift */; };
		B051C8C12165BB1A00C0CFC8 /* Cinema.swift in Sources */ = {isa = PBXBuildFile; fileRef = B051C8C02165BB1A00C0CFC8 /* Cinema.swift */; };
		B051C8C52165C22A00C0CFC8 /* DetailCinemaViewController.swift in Sources */ = {isa = PBXBuildFile; fileRef = B051C8C32165C22A00C0CFC8 /* DetailCinemaViewController.swift */; };
		B051C8C62165C22A00C0CFC8 /* DetailCinemaViewController.xib in Resources */ = {isa = PBXBuildFile; fileRef = B051C8C42165C22A00C0CFC8 /* DetailCinemaViewController.xib */; };
		B0606C5C216B45C80046F5CD /* Montserrat-SemiBoldItalic.ttf in Resources */ = {isa = PBXBuildFile; fileRef = B0606C4A216B45C60046F5CD /* Montserrat-SemiBoldItalic.ttf */; };
		B0606C5D216B45C80046F5CD /* Montserrat-Regular.ttf in Resources */ = {isa = PBXBuildFile; fileRef = B0606C4B216B45C60046F5CD /* Montserrat-Regular.ttf */; };
		B0606C5E216B45C80046F5CD /* Montserrat-BlackItalic.ttf in Resources */ = {isa = PBXBuildFile; fileRef = B0606C4C216B45C60046F5CD /* Montserrat-BlackItalic.ttf */; };
		B0606C5F216B45C80046F5CD /* Montserrat-BoldItalic.ttf in Resources */ = {isa = PBXBuildFile; fileRef = B0606C4D216B45C60046F5CD /* Montserrat-BoldItalic.ttf */; };
		B0606C60216B45C80046F5CD /* Montserrat-ExtraBold.ttf in Resources */ = {isa = PBXBuildFile; fileRef = B0606C4E216B45C70046F5CD /* Montserrat-ExtraBold.ttf */; };
		B0606C61216B45C80046F5CD /* Montserrat-Bold.ttf in Resources */ = {isa = PBXBuildFile; fileRef = B0606C4F216B45C70046F5CD /* Montserrat-Bold.ttf */; };
		B0606C62216B45C80046F5CD /* Montserrat-ExtraBoldItalic.ttf in Resources */ = {isa = PBXBuildFile; fileRef = B0606C50216B45C70046F5CD /* Montserrat-ExtraBoldItalic.ttf */; };
		B0606C63216B45C80046F5CD /* Montserrat-Thin.ttf in Resources */ = {isa = PBXBuildFile; fileRef = B0606C51216B45C70046F5CD /* Montserrat-Thin.ttf */; };
		B0606C64216B45C80046F5CD /* Montserrat-Medium.ttf in Resources */ = {isa = PBXBuildFile; fileRef = B0606C52216B45C70046F5CD /* Montserrat-Medium.ttf */; };
		B0606C65216B45C80046F5CD /* Montserrat-LightItalic.ttf in Resources */ = {isa = PBXBuildFile; fileRef = B0606C53216B45C70046F5CD /* Montserrat-LightItalic.ttf */; };
		B0606C66216B45C80046F5CD /* Montserrat-SemiBold.ttf in Resources */ = {isa = PBXBuildFile; fileRef = B0606C54216B45C70046F5CD /* Montserrat-SemiBold.ttf */; };
		B0606C67216B45C80046F5CD /* Montserrat-ExtraLightItalic.ttf in Resources */ = {isa = PBXBuildFile; fileRef = B0606C55216B45C70046F5CD /* Montserrat-ExtraLightItalic.ttf */; };
		B0606C68216B45C80046F5CD /* Montserrat-ThinItalic.ttf in Resources */ = {isa = PBXBuildFile; fileRef = B0606C56216B45C70046F5CD /* Montserrat-ThinItalic.ttf */; };
		B0606C69216B45C80046F5CD /* Montserrat-Black.ttf in Resources */ = {isa = PBXBuildFile; fileRef = B0606C57216B45C70046F5CD /* Montserrat-Black.ttf */; };
		B0606C6A216B45C80046F5CD /* Montserrat-ExtraLight.ttf in Resources */ = {isa = PBXBuildFile; fileRef = B0606C58216B45C80046F5CD /* Montserrat-ExtraLight.ttf */; };
		B0606C6B216B45C80046F5CD /* Montserrat-MediumItalic.ttf in Resources */ = {isa = PBXBuildFile; fileRef = B0606C59216B45C80046F5CD /* Montserrat-MediumItalic.ttf */; };
		B0606C6C216B45C80046F5CD /* Montserrat-Italic.ttf in Resources */ = {isa = PBXBuildFile; fileRef = B0606C5A216B45C80046F5CD /* Montserrat-Italic.ttf */; };
		B0606C6D216B45C80046F5CD /* Montserrat-Light.ttf in Resources */ = {isa = PBXBuildFile; fileRef = B0606C5B216B45C80046F5CD /* Montserrat-Light.ttf */; };
		B07913BB2163106000E2627C /* Film.swift in Sources */ = {isa = PBXBuildFile; fileRef = B07913BA2163105F00E2627C /* Film.swift */; };
		B07913BD21634A3600E2627C /* TodayViewModel.swift in Sources */ = {isa = PBXBuildFile; fileRef = B07913BC21634A3600E2627C /* TodayViewModel.swift */; };
		B07913C121634B0300E2627C /* TodayCell.swift in Sources */ = {isa = PBXBuildFile; fileRef = B07913BF21634B0300E2627C /* TodayCell.swift */; };
		B07913C221634B0300E2627C /* TodayCell.xib in Resources */ = {isa = PBXBuildFile; fileRef = B07913C021634B0300E2627C /* TodayCell.xib */; };
		B07913C4216350F500E2627C /* TodayCellViewModel.swift in Sources */ = {isa = PBXBuildFile; fileRef = B07913C3216350F500E2627C /* TodayCellViewModel.swift */; };
		B07913C62163622B00E2627C /* ComingSoonViewModel.swift in Sources */ = {isa = PBXBuildFile; fileRef = B07913C52163622B00E2627C /* ComingSoonViewModel.swift */; };
		B07913CA2163631000E2627C /* ComingSoonCell.swift in Sources */ = {isa = PBXBuildFile; fileRef = B07913C82163631000E2627C /* ComingSoonCell.swift */; };
		B07913CB2163631000E2627C /* ComingSoonCell.xib in Resources */ = {isa = PBXBuildFile; fileRef = B07913C92163631000E2627C /* ComingSoonCell.xib */; };
		B07913CD2163632D00E2627C /* ComingSoonCellViewModel.swift in Sources */ = {isa = PBXBuildFile; fileRef = B07913CC2163632D00E2627C /* ComingSoonCellViewModel.swift */; };
		B07C2CCA216C38330071959A /* NowShowingCellViewModel.swift in Sources */ = {isa = PBXBuildFile; fileRef = B07C2CC7216C38320071959A /* NowShowingCellViewModel.swift */; };
		B07C2CCB216C38330071959A /* NowShowingCell.xib in Resources */ = {isa = PBXBuildFile; fileRef = B07C2CC8216C38320071959A /* NowShowingCell.xib */; };
		B07C2CCC216C38330071959A /* NowShowingCell.swift in Sources */ = {isa = PBXBuildFile; fileRef = B07C2CC9216C38320071959A /* NowShowingCell.swift */; };
		B07C2CD0216C38430071959A /* NowShowingViewController.swift in Sources */ = {isa = PBXBuildFile; fileRef = B07C2CCD216C38420071959A /* NowShowingViewController.swift */; };
		B07C2CD1216C38430071959A /* NowShowingViewController.xib in Resources */ = {isa = PBXBuildFile; fileRef = B07C2CCE216C38430071959A /* NowShowingViewController.xib */; };
		B07C2CD2216C38430071959A /* NowShowingViewModel.swift in Sources */ = {isa = PBXBuildFile; fileRef = B07C2CCF216C38430071959A /* NowShowingViewModel.swift */; };
		B07DB1072164B9D600ECE9A9 /* CinemaViewModel.swift in Sources */ = {isa = PBXBuildFile; fileRef = B07DB1062164B9D600ECE9A9 /* CinemaViewModel.swift */; };
		B07FECCF216EFB31007883D5 /* ProfileCell.swift in Sources */ = {isa = PBXBuildFile; fileRef = B07FECCD216EFB31007883D5 /* ProfileCell.swift */; };
		B07FECD0216EFB31007883D5 /* ProfileCell.xib in Resources */ = {isa = PBXBuildFile; fileRef = B07FECCE216EFB31007883D5 /* ProfileCell.xib */; };
		B07FECD2216EFD16007883D5 /* ProfileCellViewModel.swift in Sources */ = {isa = PBXBuildFile; fileRef = B07FECD1216EFD16007883D5 /* ProfileCellViewModel.swift */; };
		B07FECD4216F026E007883D5 /* ProfileMenu.swift in Sources */ = {isa = PBXBuildFile; fileRef = B07FECD3216F026E007883D5 /* ProfileMenu.swift */; };
		B0B86338216CA598007912C9 /* SearchViewModel.swift in Sources */ = {isa = PBXBuildFile; fileRef = B0B86337216CA597007912C9 /* SearchViewModel.swift */; };
		D028ADD12AA8716ECB14FFD9 /* Pods_MyApp_MyAppTests.framework in Frameworks */ = {isa = PBXBuildFile; fileRef = F49F1AB05FCB88523C52A0ED /* Pods_MyApp_MyAppTests.framework */; };
		E3437E0A215F8C1900CE88BE /* CinemaViewController.swift in Sources */ = {isa = PBXBuildFile; fileRef = E3437E08215F8C1900CE88BE /* CinemaViewController.swift */; };
		E3437E0B215F8C1900CE88BE /* CinemaViewController.xib in Resources */ = {isa = PBXBuildFile; fileRef = E3437E09215F8C1900CE88BE /* CinemaViewController.xib */; };
		E3437E0F215F8CD300CE88BE /* FilmsViewController.swift in Sources */ = {isa = PBXBuildFile; fileRef = E3437E0D215F8CD300CE88BE /* FilmsViewController.swift */; };
		E3437E10215F8CD300CE88BE /* FilmsViewController.xib in Resources */ = {isa = PBXBuildFile; fileRef = E3437E0E215F8CD300CE88BE /* FilmsViewController.xib */; };
		E3437E202161293000CE88BE /* TodayViewController.swift in Sources */ = {isa = PBXBuildFile; fileRef = E3437E1E2161293000CE88BE /* TodayViewController.swift */; };
		E3437E212161293000CE88BE /* TodayViewController.xib in Resources */ = {isa = PBXBuildFile; fileRef = E3437E1F2161293000CE88BE /* TodayViewController.xib */; };
		E3437E282161294F00CE88BE /* ComingSoonViewController.swift in Sources */ = {isa = PBXBuildFile; fileRef = E3437E262161294F00CE88BE /* ComingSoonViewController.swift */; };
		E3437E292161294F00CE88BE /* ComingSoonViewController.xib in Resources */ = {isa = PBXBuildFile; fileRef = E3437E272161294F00CE88BE /* ComingSoonViewController.xib */; };
		E3437E2B21612E9700CE88BE /* UIViewExt.swift in Sources */ = {isa = PBXBuildFile; fileRef = E3437E2A21612E9700CE88BE /* UIViewExt.swift */; };
		EC0105521E8F8AE000CE013D /* Assets.xcassets in Resources */ = {isa = PBXBuildFile; fileRef = EC0105401E8F8ADF00CE013D /* Assets.xcassets */; };
		EC0105541E8F8AE000CE013D /* AppDelegate.swift in Sources */ = {isa = PBXBuildFile; fileRef = EC0105441E8F8ADF00CE013D /* AppDelegate.swift */; };
		EC2C488D1EAF011C00B22F4B /* Utils.swift in Sources */ = {isa = PBXBuildFile; fileRef = EC2C488C1EAF011C00B22F4B /* Utils.swift */; };
		EC332A481EA0A8CB0011DF1E /* Api.swift in Sources */ = {isa = PBXBuildFile; fileRef = EC332A471EA0A8CB0011DF1E /* Api.swift */; };
		EC5337B51EF7845700ACE038 /* Color.swift in Sources */ = {isa = PBXBuildFile; fileRef = EC5337B41EF7845700ACE038 /* Color.swift */; };
		EC5337B71EF78CD800ACE038 /* App.swift in Sources */ = {isa = PBXBuildFile; fileRef = EC5337B61EF78CD800ACE038 /* App.swift */; };
		EC5337BA1EF78E4D00ACE038 /* Localizable.strings in Resources */ = {isa = PBXBuildFile; fileRef = EC5337BC1EF78E4D00ACE038 /* Localizable.strings */; };
		EC5337BE1EF78FEA00ACE038 /* Font.swift in Sources */ = {isa = PBXBuildFile; fileRef = EC5337BD1EF78FEA00ACE038 /* Font.swift */; };
		EC5337C11EF7939C00ACE038 /* TableCell.swift in Sources */ = {isa = PBXBuildFile; fileRef = EC5337C01EF7939C00ACE038 /* TableCell.swift */; };
		EC5337C31EF793B100ACE038 /* CollectionCell.swift in Sources */ = {isa = PBXBuildFile; fileRef = EC5337C21EF793B100ACE038 /* CollectionCell.swift */; };
		ECC3B1C51EC17044001345C6 /* StringTests.swift in Sources */ = {isa = PBXBuildFile; fileRef = ECC3B1C41EC17044001345C6 /* StringTests.swift */; };
		ECC3B1C91EC1A2EA001345C6 /* NSURLTests.swift in Sources */ = {isa = PBXBuildFile; fileRef = ECC3B1C81EC1A2EA001345C6 /* NSURLTests.swift */; };
		ECC3B1CB1EC1B196001345C6 /* DictionayTests.swift in Sources */ = {isa = PBXBuildFile; fileRef = ECC3B1CA1EC1B196001345C6 /* DictionayTests.swift */; };
		ECC5B2CB1EF90495001A97BC /* Button.swift in Sources */ = {isa = PBXBuildFile; fileRef = ECC5B2CA1EF90495001A97BC /* Button.swift */; };
		ECC5B2CD1EF906CA001A97BC /* BaseViewController.swift in Sources */ = {isa = PBXBuildFile; fileRef = ECC5B2CC1EF906CA001A97BC /* BaseViewController.swift */; };
		ECD1C29B1EA725B1000EC989 /* InputViewExt.swift in Sources */ = {isa = PBXBuildFile; fileRef = ECD1C29A1EA725B1000EC989 /* InputViewExt.swift */; };
		ECEC0C581ED44C5D00F6760A /* String.swift in Sources */ = {isa = PBXBuildFile; fileRef = ECEC0C571ED44C5D00F6760A /* String.swift */; };
		ECEC0C5A1ED44D4100F6760A /* UIViewControllerExt.swift in Sources */ = {isa = PBXBuildFile; fileRef = ECEC0C591ED44D4100F6760A /* UIViewControllerExt.swift */; };
		ECEC0C5E1ED44D7700F6760A /* MapperExt.swift in Sources */ = {isa = PBXBuildFile; fileRef = ECEC0C5D1ED44D7700F6760A /* MapperExt.swift */; };
		ECF23AB41E9B869B008C23C1 /* ApiManager.swift in Sources */ = {isa = PBXBuildFile; fileRef = ECF23AB11E9B869B008C23C1 /* ApiManager.swift */; };
		ECF23ABA1E9B89B2008C23C1 /* RequestSerializer.swift in Sources */ = {isa = PBXBuildFile; fileRef = ECF23AB71E9B89B2008C23C1 /* RequestSerializer.swift */; };
		ECF23ABB1E9B89B2008C23C1 /* ResponseSerializer.swift in Sources */ = {isa = PBXBuildFile; fileRef = ECF23AB81E9B89B2008C23C1 /* ResponseSerializer.swift */; };
		ECF23ABE1E9B8A6A008C23C1 /* Error.swift in Sources */ = {isa = PBXBuildFile; fileRef = ECF23ABD1E9B8A6A008C23C1 /* Error.swift */; };
		ECF23AC31E9B9264008C23C1 /* StringExt.swift in Sources */ = {isa = PBXBuildFile; fileRef = ECF23AC21E9B9264008C23C1 /* StringExt.swift */; };
		F1C6352C1EF141F300D0A1A0 /* LaunchScreen.storyboard in Resources */ = {isa = PBXBuildFile; fileRef = F1C6352B1EF141F300D0A1A0 /* LaunchScreen.storyboard */; };
		F549634B218A941C0030CBF1 /* DetailFilmViewController.swift in Sources */ = {isa = PBXBuildFile; fileRef = F5496349218A941C0030CBF1 /* DetailFilmViewController.swift */; };
		F549634C218A941C0030CBF1 /* DetailFilmViewController.xib in Resources */ = {isa = PBXBuildFile; fileRef = F549634A218A941C0030CBF1 /* DetailFilmViewController.xib */; };
		F549634E218A944B0030CBF1 /* DetailFilmViewModel.swift in Sources */ = {isa = PBXBuildFile; fileRef = F549634D218A944B0030CBF1 /* DetailFilmViewModel.swift */; };
/* End PBXBuildFile section */

/* Begin PBXContainerItemProxy section */
		ECCCCB2D1E7A40D10073D923 /* PBXContainerItemProxy */ = {
			isa = PBXContainerItemProxy;
			containerPortal = ECCCCB101E7A40D00073D923 /* Project object */;
			proxyType = 1;
			remoteGlobalIDString = ECCCCB171E7A40D00073D923;
			remoteInfo = MVVM;
		};
/* End PBXContainerItemProxy section */

/* Begin PBXCopyFilesBuildPhase section */
		EC01052F1E8F895300CE013D /* Embed Frameworks */ = {
			isa = PBXCopyFilesBuildPhase;
			buildActionMask = 2147483647;
			dstPath = "";
			dstSubfolderSpec = 10;
			files = (
			);
			name = "Embed Frameworks";
			runOnlyForDeploymentPostprocessing = 0;
		};
/* End PBXCopyFilesBuildPhase section */

/* Begin PBXFileReference section */
		0B1CAE12BFD16ACB405EADB3 /* Pods-MyApp-MyAppTests.release.xcconfig */ = {isa = PBXFileReference; includeInIndex = 1; lastKnownFileType = text.xcconfig; name = "Pods-MyApp-MyAppTests.release.xcconfig"; path = "Pods/Target Support Files/Pods-MyApp-MyAppTests/Pods-MyApp-MyAppTests.release.xcconfig"; sourceTree = "<group>"; };
		2471FFF2396065422C1E00E8 /* Pods-MyApp.staging.xcconfig */ = {isa = PBXFileReference; includeInIndex = 1; lastKnownFileType = text.xcconfig; name = "Pods-MyApp.staging.xcconfig"; path = "Pods/Target Support Files/Pods-MyApp/Pods-MyApp.staging.xcconfig"; sourceTree = "<group>"; };
		3934B2D542E2F17D926ED64E /* Pods-MyApp-MyAppTests.staging.xcconfig */ = {isa = PBXFileReference; includeInIndex = 1; lastKnownFileType = text.xcconfig; name = "Pods-MyApp-MyAppTests.staging.xcconfig"; path = "Pods/Target Support Files/Pods-MyApp-MyAppTests/Pods-MyApp-MyAppTests.staging.xcconfig"; sourceTree = "<group>"; };
		42644AAA9228B04CC7D4EB2C /* Pods-BTOnline-BTOnlineTests.staging.xcconfig */ = {isa = PBXFileReference; includeInIndex = 1; lastKnownFileType = text.xcconfig; name = "Pods-BTOnline-BTOnlineTests.staging.xcconfig"; path = "Pods/Target Support Files/Pods-BTOnline-BTOnlineTests/Pods-BTOnline-BTOnlineTests.staging.xcconfig"; sourceTree = "<group>"; };
		47FCF93A9948D710C06CECAF /* Pods-MyApp.release.xcconfig */ = {isa = PBXFileReference; includeInIndex = 1; lastKnownFileType = text.xcconfig; name = "Pods-MyApp.release.xcconfig"; path = "Pods/Target Support Files/Pods-MyApp/Pods-MyApp.release.xcconfig"; sourceTree = "<group>"; };
		48F8D478234569385F88AC15 /* Pods-MyApp.debug.xcconfig */ = {isa = PBXFileReference; includeInIndex = 1; lastKnownFileType = text.xcconfig; name = "Pods-MyApp.debug.xcconfig"; path = "Pods/Target Support Files/Pods-MyApp/Pods-MyApp.debug.xcconfig"; sourceTree = "<group>"; };
		79A4EDB3D4CEAD755CAB9958 /* Pods_BTOnline_BTOnlineTests.framework */ = {isa = PBXFileReference; explicitFileType = wrapper.framework; includeInIndex = 0; path = Pods_BTOnline_BTOnlineTests.framework; sourceTree = BUILT_PRODUCTS_DIR; };
		7E8000CCB9AE328B83764288 /* Pods_MyApp.framework */ = {isa = PBXFileReference; explicitFileType = wrapper.framework; includeInIndex = 0; path = Pods_MyApp.framework; sourceTree = BUILT_PRODUCTS_DIR; };
		86BA93F692DED235A19D53AD /* Pods-BTOnline-BTOnlineTests.debug.xcconfig */ = {isa = PBXFileReference; includeInIndex = 1; lastKnownFileType = text.xcconfig; name = "Pods-BTOnline-BTOnlineTests.debug.xcconfig"; path = "Pods/Target Support Files/Pods-BTOnline-BTOnlineTests/Pods-BTOnline-BTOnlineTests.debug.xcconfig"; sourceTree = "<group>"; };
		AC369C8A2113F2C300FD5A02 /* PopUpViewController.xib */ = {isa = PBXFileReference; fileEncoding = 4; lastKnownFileType = file.xib; path = PopUpViewController.xib; sourceTree = "<group>"; };
		AC369C8C2113F2C300FD5A02 /* PopUpTableViewCell.swift */ = {isa = PBXFileReference; fileEncoding = 4; lastKnownFileType = sourcecode.swift; path = PopUpTableViewCell.swift; sourceTree = "<group>"; };
		AC369C8D2113F2C300FD5A02 /* PopUpTableViewCell.xib */ = {isa = PBXFileReference; fileEncoding = 4; lastKnownFileType = file.xib; path = PopUpTableViewCell.xib; sourceTree = "<group>"; };
		AC369C8E2113F2C300FD5A02 /* PopUpCellViewModel.swift */ = {isa = PBXFileReference; fileEncoding = 4; lastKnownFileType = sourcecode.swift; path = PopUpCellViewModel.swift; sourceTree = "<group>"; };
		AC369C8F2113F2C300FD5A02 /* PopUpViewModel.swift */ = {isa = PBXFileReference; fileEncoding = 4; lastKnownFileType = sourcecode.swift; path = PopUpViewModel.swift; sourceTree = "<group>"; };
		AC369C902113F2C300FD5A02 /* PopUpViewController.swift */ = {isa = PBXFileReference; fileEncoding = 4; lastKnownFileType = sourcecode.swift; path = PopUpViewController.swift; sourceTree = "<group>"; };
		AC369C972113F2F200FD5A02 /* PopUpItem.swift */ = {isa = PBXFileReference; fileEncoding = 4; lastKnownFileType = sourcecode.swift; path = PopUpItem.swift; sourceTree = "<group>"; };
		AC381335211198580051F573 /* Feed.swift */ = {isa = PBXFileReference; lastKnownFileType = sourcecode.swift; path = Feed.swift; sourceTree = "<group>"; };
		ACB04583210F01F100159503 /* BaseTabBarController.swift */ = {isa = PBXFileReference; lastKnownFileType = sourcecode.swift; path = BaseTabBarController.swift; sourceTree = "<group>"; };
		ACB0458A210F040C00159503 /* LoginViewController.swift */ = {isa = PBXFileReference; lastKnownFileType = sourcecode.swift; path = LoginViewController.swift; sourceTree = "<group>"; };
		ACB0458B210F040C00159503 /* LoginViewController.xib */ = {isa = PBXFileReference; lastKnownFileType = file.xib; path = LoginViewController.xib; sourceTree = "<group>"; };
		ACB0459A210F061C00159503 /* SearchViewController.swift */ = {isa = PBXFileReference; lastKnownFileType = sourcecode.swift; path = SearchViewController.swift; sourceTree = "<group>"; };
		ACB0459B210F061C00159503 /* SearchViewController.xib */ = {isa = PBXFileReference; lastKnownFileType = file.xib; path = SearchViewController.xib; sourceTree = "<group>"; };
		ACB0459E210F063A00159503 /* ProfileViewController.swift */ = {isa = PBXFileReference; lastKnownFileType = sourcecode.swift; path = ProfileViewController.swift; sourceTree = "<group>"; };
		ACB0459F210F063A00159503 /* ProfileViewController.xib */ = {isa = PBXFileReference; lastKnownFileType = file.xib; path = ProfileViewController.xib; sourceTree = "<group>"; };
		ACB045A2210F0CEB00159503 /* BaseNavigationController.swift */ = {isa = PBXFileReference; lastKnownFileType = sourcecode.swift; path = BaseNavigationController.swift; sourceTree = "<group>"; };
		B00C791F2117F67B002E8C75 /* UIImageViewExt.swift */ = {isa = PBXFileReference; lastKnownFileType = sourcecode.swift; path = UIImageViewExt.swift; sourceTree = "<group>"; };
		B03E5A022112CF4D0027188E /* Key.swift */ = {isa = PBXFileReference; fileEncoding = 4; lastKnownFileType = sourcecode.swift; path = Key.swift; sourceTree = "<group>"; };
		B03E5A042112DE530027188E /* UIWebViewExt.swift */ = {isa = PBXFileReference; fileEncoding = 4; lastKnownFileType = sourcecode.swift; path = UIWebViewExt.swift; sourceTree = "<group>"; };
		B03E5A052112DE530027188E /* URLExt.swift */ = {isa = PBXFileReference; fileEncoding = 4; lastKnownFileType = sourcecode.swift; path = URLExt.swift; sourceTree = "<group>"; };
		B03E5A082112DE750027188E /* Session.swift */ = {isa = PBXFileReference; fileEncoding = 4; lastKnownFileType = sourcecode.swift; path = Session.swift; sourceTree = "<group>"; };
		B03E5A0A2112DEBA0027188E /* LoginViewModel.swift */ = {isa = PBXFileReference; fileEncoding = 4; lastKnownFileType = sourcecode.swift; path = LoginViewModel.swift; sourceTree = "<group>"; };
		B050E3DC216E0A69006D0614 /* ProfileViewModel.swift */ = {isa = PBXFileReference; lastKnownFileType = sourcecode.swift; path = ProfileViewModel.swift; sourceTree = "<group>"; };
		B050EB732114358700E16758 /* API.Feed.swift */ = {isa = PBXFileReference; lastKnownFileType = sourcecode.swift; path = API.Feed.swift; sourceTree = "<group>"; };
		B051C8BA2165B66900C0CFC8 /* CinemaCell.swift */ = {isa = PBXFileReference; lastKnownFileType = sourcecode.swift; path = CinemaCell.swift; sourceTree = "<group>"; };
		B051C8BB2165B66900C0CFC8 /* CinemaCell.xib */ = {isa = PBXFileReference; lastKnownFileType = file.xib; path = CinemaCell.xib; sourceTree = "<group>"; };
		B051C8BE2165B69000C0CFC8 /* CinemaCellViewModel.swift */ = {isa = PBXFileReference; lastKnownFileType = sourcecode.swift; path = CinemaCellViewModel.swift; sourceTree = "<group>"; };
		B051C8C02165BB1A00C0CFC8 /* Cinema.swift */ = {isa = PBXFileReference; lastKnownFileType = sourcecode.swift; path = Cinema.swift; sourceTree = "<group>"; };
		B051C8C32165C22A00C0CFC8 /* DetailCinemaViewController.swift */ = {isa = PBXFileReference; lastKnownFileType = sourcecode.swift; path = DetailCinemaViewController.swift; sourceTree = "<group>"; };
		B051C8C42165C22A00C0CFC8 /* DetailCinemaViewController.xib */ = {isa = PBXFileReference; lastKnownFileType = file.xib; path = DetailCinemaViewController.xib; sourceTree = "<group>"; };
		B0606C4A216B45C60046F5CD /* Montserrat-SemiBoldItalic.ttf */ = {isa = PBXFileReference; lastKnownFileType = file; path = "Montserrat-SemiBoldItalic.ttf"; sourceTree = "<group>"; };
		B0606C4B216B45C60046F5CD /* Montserrat-Regular.ttf */ = {isa = PBXFileReference; lastKnownFileType = file; path = "Montserrat-Regular.ttf"; sourceTree = "<group>"; };
		B0606C4C216B45C60046F5CD /* Montserrat-BlackItalic.ttf */ = {isa = PBXFileReference; lastKnownFileType = file; path = "Montserrat-BlackItalic.ttf"; sourceTree = "<group>"; };
		B0606C4D216B45C60046F5CD /* Montserrat-BoldItalic.ttf */ = {isa = PBXFileReference; lastKnownFileType = file; path = "Montserrat-BoldItalic.ttf"; sourceTree = "<group>"; };
		B0606C4E216B45C70046F5CD /* Montserrat-ExtraBold.ttf */ = {isa = PBXFileReference; lastKnownFileType = file; path = "Montserrat-ExtraBold.ttf"; sourceTree = "<group>"; };
		B0606C4F216B45C70046F5CD /* Montserrat-Bold.ttf */ = {isa = PBXFileReference; lastKnownFileType = file; path = "Montserrat-Bold.ttf"; sourceTree = "<group>"; };
		B0606C50216B45C70046F5CD /* Montserrat-ExtraBoldItalic.ttf */ = {isa = PBXFileReference; lastKnownFileType = file; path = "Montserrat-ExtraBoldItalic.ttf"; sourceTree = "<group>"; };
		B0606C51216B45C70046F5CD /* Montserrat-Thin.ttf */ = {isa = PBXFileReference; lastKnownFileType = file; path = "Montserrat-Thin.ttf"; sourceTree = "<group>"; };
		B0606C52216B45C70046F5CD /* Montserrat-Medium.ttf */ = {isa = PBXFileReference; lastKnownFileType = file; path = "Montserrat-Medium.ttf"; sourceTree = "<group>"; };
		B0606C53216B45C70046F5CD /* Montserrat-LightItalic.ttf */ = {isa = PBXFileReference; lastKnownFileType = file; path = "Montserrat-LightItalic.ttf"; sourceTree = "<group>"; };
		B0606C54216B45C70046F5CD /* Montserrat-SemiBold.ttf */ = {isa = PBXFileReference; lastKnownFileType = file; path = "Montserrat-SemiBold.ttf"; sourceTree = "<group>"; };
		B0606C55216B45C70046F5CD /* Montserrat-ExtraLightItalic.ttf */ = {isa = PBXFileReference; lastKnownFileType = file; path = "Montserrat-ExtraLightItalic.ttf"; sourceTree = "<group>"; };
		B0606C56216B45C70046F5CD /* Montserrat-ThinItalic.ttf */ = {isa = PBXFileReference; lastKnownFileType = file; path = "Montserrat-ThinItalic.ttf"; sourceTree = "<group>"; };
		B0606C57216B45C70046F5CD /* Montserrat-Black.ttf */ = {isa = PBXFileReference; lastKnownFileType = file; path = "Montserrat-Black.ttf"; sourceTree = "<group>"; };
		B0606C58216B45C80046F5CD /* Montserrat-ExtraLight.ttf */ = {isa = PBXFileReference; lastKnownFileType = file; path = "Montserrat-ExtraLight.ttf"; sourceTree = "<group>"; };
		B0606C59216B45C80046F5CD /* Montserrat-MediumItalic.ttf */ = {isa = PBXFileReference; lastKnownFileType = file; path = "Montserrat-MediumItalic.ttf"; sourceTree = "<group>"; };
		B0606C5A216B45C80046F5CD /* Montserrat-Italic.ttf */ = {isa = PBXFileReference; lastKnownFileType = file; path = "Montserrat-Italic.ttf"; sourceTree = "<group>"; };
		B0606C5B216B45C80046F5CD /* Montserrat-Light.ttf */ = {isa = PBXFileReference; lastKnownFileType = file; path = "Montserrat-Light.ttf"; sourceTree = "<group>"; };
		B07913BA2163105F00E2627C /* Film.swift */ = {isa = PBXFileReference; lastKnownFileType = sourcecode.swift; path = Film.swift; sourceTree = "<group>"; };
		B07913BC21634A3600E2627C /* TodayViewModel.swift */ = {isa = PBXFileReference; lastKnownFileType = sourcecode.swift; path = TodayViewModel.swift; sourceTree = "<group>"; };
		B07913BF21634B0300E2627C /* TodayCell.swift */ = {isa = PBXFileReference; lastKnownFileType = sourcecode.swift; path = TodayCell.swift; sourceTree = "<group>"; };
		B07913C021634B0300E2627C /* TodayCell.xib */ = {isa = PBXFileReference; lastKnownFileType = file.xib; path = TodayCell.xib; sourceTree = "<group>"; };
		B07913C3216350F500E2627C /* TodayCellViewModel.swift */ = {isa = PBXFileReference; lastKnownFileType = sourcecode.swift; path = TodayCellViewModel.swift; sourceTree = "<group>"; };
		B07913C52163622B00E2627C /* ComingSoonViewModel.swift */ = {isa = PBXFileReference; lastKnownFileType = sourcecode.swift; path = ComingSoonViewModel.swift; sourceTree = "<group>"; };
		B07913C82163631000E2627C /* ComingSoonCell.swift */ = {isa = PBXFileReference; lastKnownFileType = sourcecode.swift; path = ComingSoonCell.swift; sourceTree = "<group>"; };
		B07913C92163631000E2627C /* ComingSoonCell.xib */ = {isa = PBXFileReference; lastKnownFileType = file.xib; path = ComingSoonCell.xib; sourceTree = "<group>"; };
		B07913CC2163632D00E2627C /* ComingSoonCellViewModel.swift */ = {isa = PBXFileReference; lastKnownFileType = sourcecode.swift; path = ComingSoonCellViewModel.swift; sourceTree = "<group>"; };
		B07C2CC7216C38320071959A /* NowShowingCellViewModel.swift */ = {isa = PBXFileReference; fileEncoding = 4; lastKnownFileType = sourcecode.swift; path = NowShowingCellViewModel.swift; sourceTree = "<group>"; };
		B07C2CC8216C38320071959A /* NowShowingCell.xib */ = {isa = PBXFileReference; fileEncoding = 4; lastKnownFileType = file.xib; path = NowShowingCell.xib; sourceTree = "<group>"; };
		B07C2CC9216C38320071959A /* NowShowingCell.swift */ = {isa = PBXFileReference; fileEncoding = 4; lastKnownFileType = sourcecode.swift; path = NowShowingCell.swift; sourceTree = "<group>"; };
		B07C2CCD216C38420071959A /* NowShowingViewController.swift */ = {isa = PBXFileReference; fileEncoding = 4; lastKnownFileType = sourcecode.swift; path = NowShowingViewController.swift; sourceTree = "<group>"; };
		B07C2CCE216C38430071959A /* NowShowingViewController.xib */ = {isa = PBXFileReference; fileEncoding = 4; lastKnownFileType = file.xib; path = NowShowingViewController.xib; sourceTree = "<group>"; };
		B07C2CCF216C38430071959A /* NowShowingViewModel.swift */ = {isa = PBXFileReference; fileEncoding = 4; lastKnownFileType = sourcecode.swift; path = NowShowingViewModel.swift; sourceTree = "<group>"; };
		B07DB1062164B9D600ECE9A9 /* CinemaViewModel.swift */ = {isa = PBXFileReference; lastKnownFileType = sourcecode.swift; path = CinemaViewModel.swift; sourceTree = "<group>"; };
		B07FECCD216EFB31007883D5 /* ProfileCell.swift */ = {isa = PBXFileReference; lastKnownFileType = sourcecode.swift; path = ProfileCell.swift; sourceTree = "<group>"; };
		B07FECCE216EFB31007883D5 /* ProfileCell.xib */ = {isa = PBXFileReference; lastKnownFileType = file.xib; path = ProfileCell.xib; sourceTree = "<group>"; };
		B07FECD1216EFD16007883D5 /* ProfileCellViewModel.swift */ = {isa = PBXFileReference; lastKnownFileType = sourcecode.swift; path = ProfileCellViewModel.swift; sourceTree = "<group>"; };
		B07FECD3216F026E007883D5 /* ProfileMenu.swift */ = {isa = PBXFileReference; lastKnownFileType = sourcecode.swift; path = ProfileMenu.swift; sourceTree = "<group>"; };
		B0B86337216CA597007912C9 /* SearchViewModel.swift */ = {isa = PBXFileReference; lastKnownFileType = sourcecode.swift; path = SearchViewModel.swift; sourceTree = "<group>"; };
		B2CE5B92AE45202BF1551119 /* Pods-BTOnline.staging.xcconfig */ = {isa = PBXFileReference; includeInIndex = 1; lastKnownFileType = text.xcconfig; name = "Pods-BTOnline.staging.xcconfig"; path = "Pods/Target Support Files/Pods-BTOnline/Pods-BTOnline.staging.xcconfig"; sourceTree = "<group>"; };
		CAE375C3BB371FB32C5ECD9C /* Pods-BTOnline.debug.xcconfig */ = {isa = PBXFileReference; includeInIndex = 1; lastKnownFileType = text.xcconfig; name = "Pods-BTOnline.debug.xcconfig"; path = "Pods/Target Support Files/Pods-BTOnline/Pods-BTOnline.debug.xcconfig"; sourceTree = "<group>"; };
		CD6157BCFE18E6143D3CB043 /* Pods_BTOnline.framework */ = {isa = PBXFileReference; explicitFileType = wrapper.framework; includeInIndex = 0; path = Pods_BTOnline.framework; sourceTree = BUILT_PRODUCTS_DIR; };
		E3437E08215F8C1900CE88BE /* CinemaViewController.swift */ = {isa = PBXFileReference; lastKnownFileType = sourcecode.swift; path = CinemaViewController.swift; sourceTree = "<group>"; };
		E3437E09215F8C1900CE88BE /* CinemaViewController.xib */ = {isa = PBXFileReference; lastKnownFileType = file.xib; path = CinemaViewController.xib; sourceTree = "<group>"; };
		E3437E0D215F8CD300CE88BE /* FilmsViewController.swift */ = {isa = PBXFileReference; lastKnownFileType = sourcecode.swift; path = FilmsViewController.swift; sourceTree = "<group>"; };
		E3437E0E215F8CD300CE88BE /* FilmsViewController.xib */ = {isa = PBXFileReference; lastKnownFileType = file.xib; path = FilmsViewController.xib; sourceTree = "<group>"; };
		E3437E1E2161293000CE88BE /* TodayViewController.swift */ = {isa = PBXFileReference; lastKnownFileType = sourcecode.swift; path = TodayViewController.swift; sourceTree = "<group>"; };
		E3437E1F2161293000CE88BE /* TodayViewController.xib */ = {isa = PBXFileReference; lastKnownFileType = file.xib; path = TodayViewController.xib; sourceTree = "<group>"; };
		E3437E262161294F00CE88BE /* ComingSoonViewController.swift */ = {isa = PBXFileReference; lastKnownFileType = sourcecode.swift; path = ComingSoonViewController.swift; sourceTree = "<group>"; };
		E3437E272161294F00CE88BE /* ComingSoonViewController.xib */ = {isa = PBXFileReference; lastKnownFileType = file.xib; path = ComingSoonViewController.xib; sourceTree = "<group>"; };
		E3437E2A21612E9700CE88BE /* UIViewExt.swift */ = {isa = PBXFileReference; lastKnownFileType = sourcecode.swift; path = UIViewExt.swift; sourceTree = "<group>"; };
		E89867748A05C95F14D10F11 /* Pods-BTOnline-BTOnlineTests.release.xcconfig */ = {isa = PBXFileReference; includeInIndex = 1; lastKnownFileType = text.xcconfig; name = "Pods-BTOnline-BTOnlineTests.release.xcconfig"; path = "Pods/Target Support Files/Pods-BTOnline-BTOnlineTests/Pods-BTOnline-BTOnlineTests.release.xcconfig"; sourceTree = "<group>"; };
		EC0105401E8F8ADF00CE013D /* Assets.xcassets */ = {isa = PBXFileReference; lastKnownFileType = folder.assetcatalog; path = Assets.xcassets; sourceTree = "<group>"; };
		EC0105421E8F8ADF00CE013D /* Info.plist */ = {isa = PBXFileReference; fileEncoding = 4; lastKnownFileType = text.plist.xml; path = Info.plist; sourceTree = "<group>"; };
		EC0105441E8F8ADF00CE013D /* AppDelegate.swift */ = {isa = PBXFileReference; fileEncoding = 4; lastKnownFileType = sourcecode.swift; path = AppDelegate.swift; sourceTree = "<group>"; };
		EC01055C1E8F8AF000CE013D /* Info.plist */ = {isa = PBXFileReference; fileEncoding = 4; lastKnownFileType = text.plist.xml; path = Info.plist; sourceTree = "<group>"; };
		EC2C488C1EAF011C00B22F4B /* Utils.swift */ = {isa = PBXFileReference; fileEncoding = 4; lastKnownFileType = sourcecode.swift; path = Utils.swift; sourceTree = "<group>"; };
		EC332A471EA0A8CB0011DF1E /* Api.swift */ = {isa = PBXFileReference; fileEncoding = 4; lastKnownFileType = sourcecode.swift; path = Api.swift; sourceTree = "<group>"; };
		EC5337B41EF7845700ACE038 /* Color.swift */ = {isa = PBXFileReference; fileEncoding = 4; lastKnownFileType = sourcecode.swift; path = Color.swift; sourceTree = "<group>"; };
		EC5337B61EF78CD800ACE038 /* App.swift */ = {isa = PBXFileReference; fileEncoding = 4; lastKnownFileType = sourcecode.swift; path = App.swift; sourceTree = "<group>"; };
		EC5337BB1EF78E4D00ACE038 /* Base */ = {isa = PBXFileReference; lastKnownFileType = text.plist.strings; name = Base; path = Base.lproj/Localizable.strings; sourceTree = "<group>"; };
		EC5337BD1EF78FEA00ACE038 /* Font.swift */ = {isa = PBXFileReference; fileEncoding = 4; lastKnownFileType = sourcecode.swift; path = Font.swift; sourceTree = "<group>"; };
		EC5337C01EF7939C00ACE038 /* TableCell.swift */ = {isa = PBXFileReference; fileEncoding = 4; lastKnownFileType = sourcecode.swift; path = TableCell.swift; sourceTree = "<group>"; };
		EC5337C21EF793B100ACE038 /* CollectionCell.swift */ = {isa = PBXFileReference; fileEncoding = 4; lastKnownFileType = sourcecode.swift; path = CollectionCell.swift; sourceTree = "<group>"; };
		ECC3B1C41EC17044001345C6 /* StringTests.swift */ = {isa = PBXFileReference; fileEncoding = 4; lastKnownFileType = sourcecode.swift; path = StringTests.swift; sourceTree = "<group>"; };
		ECC3B1C81EC1A2EA001345C6 /* NSURLTests.swift */ = {isa = PBXFileReference; fileEncoding = 4; lastKnownFileType = sourcecode.swift; path = NSURLTests.swift; sourceTree = "<group>"; };
		ECC3B1CA1EC1B196001345C6 /* DictionayTests.swift */ = {isa = PBXFileReference; fileEncoding = 4; lastKnownFileType = sourcecode.swift; path = DictionayTests.swift; sourceTree = "<group>"; };
		ECC5B2CA1EF90495001A97BC /* Button.swift */ = {isa = PBXFileReference; fileEncoding = 4; lastKnownFileType = sourcecode.swift; path = Button.swift; sourceTree = "<group>"; };
		ECC5B2CC1EF906CA001A97BC /* BaseViewController.swift */ = {isa = PBXFileReference; fileEncoding = 4; lastKnownFileType = sourcecode.swift; path = BaseViewController.swift; sourceTree = "<group>"; };
		ECCCCB181E7A40D00073D923 /* BTOnline.app */ = {isa = PBXFileReference; explicitFileType = wrapper.application; includeInIndex = 0; path = BTOnline.app; sourceTree = BUILT_PRODUCTS_DIR; };
		ECCCCB2C1E7A40D10073D923 /* BTOnlineTests.xctest */ = {isa = PBXFileReference; explicitFileType = wrapper.cfbundle; includeInIndex = 0; path = BTOnlineTests.xctest; sourceTree = BUILT_PRODUCTS_DIR; };
		ECD1C29A1EA725B1000EC989 /* InputViewExt.swift */ = {isa = PBXFileReference; fileEncoding = 4; lastKnownFileType = sourcecode.swift; path = InputViewExt.swift; sourceTree = "<group>"; };
		ECEC0C571ED44C5D00F6760A /* String.swift */ = {isa = PBXFileReference; fileEncoding = 4; lastKnownFileType = sourcecode.swift; path = String.swift; sourceTree = "<group>"; };
		ECEC0C591ED44D4100F6760A /* UIViewControllerExt.swift */ = {isa = PBXFileReference; fileEncoding = 4; lastKnownFileType = sourcecode.swift; path = UIViewControllerExt.swift; sourceTree = "<group>"; };
		ECEC0C5D1ED44D7700F6760A /* MapperExt.swift */ = {isa = PBXFileReference; fileEncoding = 4; lastKnownFileType = sourcecode.swift; path = MapperExt.swift; sourceTree = "<group>"; };
		ECF23AB11E9B869B008C23C1 /* ApiManager.swift */ = {isa = PBXFileReference; fileEncoding = 4; lastKnownFileType = sourcecode.swift; path = ApiManager.swift; sourceTree = "<group>"; };
		ECF23AB71E9B89B2008C23C1 /* RequestSerializer.swift */ = {isa = PBXFileReference; fileEncoding = 4; lastKnownFileType = sourcecode.swift; path = RequestSerializer.swift; sourceTree = "<group>"; };
		ECF23AB81E9B89B2008C23C1 /* ResponseSerializer.swift */ = {isa = PBXFileReference; fileEncoding = 4; lastKnownFileType = sourcecode.swift; path = ResponseSerializer.swift; sourceTree = "<group>"; };
		ECF23ABD1E9B8A6A008C23C1 /* Error.swift */ = {isa = PBXFileReference; fileEncoding = 4; lastKnownFileType = sourcecode.swift; path = Error.swift; sourceTree = "<group>"; };
		ECF23AC21E9B9264008C23C1 /* StringExt.swift */ = {isa = PBXFileReference; fileEncoding = 4; lastKnownFileType = sourcecode.swift; path = StringExt.swift; sourceTree = "<group>"; };
		F07A209F0FD08F6DD436ACA6 /* Pods-BTOnline.release.xcconfig */ = {isa = PBXFileReference; includeInIndex = 1; lastKnownFileType = text.xcconfig; name = "Pods-BTOnline.release.xcconfig"; path = "Pods/Target Support Files/Pods-BTOnline/Pods-BTOnline.release.xcconfig"; sourceTree = "<group>"; };
		F1C6352B1EF141F300D0A1A0 /* LaunchScreen.storyboard */ = {isa = PBXFileReference; fileEncoding = 4; lastKnownFileType = file.storyboard; path = LaunchScreen.storyboard; sourceTree = "<group>"; };
		F49F1AB05FCB88523C52A0ED /* Pods_MyApp_MyAppTests.framework */ = {isa = PBXFileReference; explicitFileType = wrapper.framework; includeInIndex = 0; path = Pods_MyApp_MyAppTests.framework; sourceTree = BUILT_PRODUCTS_DIR; };
		F5496349218A941C0030CBF1 /* DetailFilmViewController.swift */ = {isa = PBXFileReference; lastKnownFileType = sourcecode.swift; path = DetailFilmViewController.swift; sourceTree = "<group>"; };
		F549634A218A941C0030CBF1 /* DetailFilmViewController.xib */ = {isa = PBXFileReference; lastKnownFileType = file.xib; path = DetailFilmViewController.xib; sourceTree = "<group>"; };
		F549634D218A944B0030CBF1 /* DetailFilmViewModel.swift */ = {isa = PBXFileReference; lastKnownFileType = sourcecode.swift; path = DetailFilmViewModel.swift; sourceTree = "<group>"; };
		FA33ABB555FDDC9158D68749 /* Pods-MyApp-MyAppTests.debug.xcconfig */ = {isa = PBXFileReference; includeInIndex = 1; lastKnownFileType = text.xcconfig; name = "Pods-MyApp-MyAppTests.debug.xcconfig"; path = "Pods/Target Support Files/Pods-MyApp-MyAppTests/Pods-MyApp-MyAppTests.debug.xcconfig"; sourceTree = "<group>"; };
/* End PBXFileReference section */

/* Begin PBXFrameworksBuildPhase section */
		ECCCCB151E7A40D00073D923 /* Frameworks */ = {
			isa = PBXFrameworksBuildPhase;
			buildActionMask = 2147483647;
			files = (
				76C60AF8B9E48D3230218FA2 /* Pods_BTOnline.framework in Frameworks */,
			);
			runOnlyForDeploymentPostprocessing = 0;
		};
		ECCCCB291E7A40D10073D923 /* Frameworks */ = {
			isa = PBXFrameworksBuildPhase;
			buildActionMask = 2147483647;
			files = (
				D028ADD12AA8716ECB14FFD9 /* Pods_MyApp_MyAppTests.framework in Frameworks */,
				694A5AA3928C56FF7979C092 /* Pods_BTOnline_BTOnlineTests.framework in Frameworks */,
			);
			runOnlyForDeploymentPostprocessing = 0;
		};
/* End PBXFrameworksBuildPhase section */

/* Begin PBXGroup section */
		60B550C083ADD72F4D2D53AA /* Pods */ = {
			isa = PBXGroup;
			children = (
				48F8D478234569385F88AC15 /* Pods-MyApp.debug.xcconfig */,
				47FCF93A9948D710C06CECAF /* Pods-MyApp.release.xcconfig */,
				2471FFF2396065422C1E00E8 /* Pods-MyApp.staging.xcconfig */,
				FA33ABB555FDDC9158D68749 /* Pods-MyApp-MyAppTests.debug.xcconfig */,
				0B1CAE12BFD16ACB405EADB3 /* Pods-MyApp-MyAppTests.release.xcconfig */,
				3934B2D542E2F17D926ED64E /* Pods-MyApp-MyAppTests.staging.xcconfig */,
				CAE375C3BB371FB32C5ECD9C /* Pods-BTOnline.debug.xcconfig */,
				F07A209F0FD08F6DD436ACA6 /* Pods-BTOnline.release.xcconfig */,
				B2CE5B92AE45202BF1551119 /* Pods-BTOnline.staging.xcconfig */,
				86BA93F692DED235A19D53AD /* Pods-BTOnline-BTOnlineTests.debug.xcconfig */,
				E89867748A05C95F14D10F11 /* Pods-BTOnline-BTOnlineTests.release.xcconfig */,
				42644AAA9228B04CC7D4EB2C /* Pods-BTOnline-BTOnlineTests.staging.xcconfig */,
			);
			name = Pods;
			sourceTree = "<group>";
		};
		AC369C892113F2C300FD5A02 /* PopUp */ = {
			isa = PBXGroup;
			children = (
				AC369C902113F2C300FD5A02 /* PopUpViewController.swift */,
				AC369C8A2113F2C300FD5A02 /* PopUpViewController.xib */,
				AC369C8F2113F2C300FD5A02 /* PopUpViewModel.swift */,
				AC369C8B2113F2C300FD5A02 /* PopUpCell */,
			);
			path = PopUp;
			sourceTree = "<group>";
		};
		AC369C8B2113F2C300FD5A02 /* PopUpCell */ = {
			isa = PBXGroup;
			children = (
				AC369C8C2113F2C300FD5A02 /* PopUpTableViewCell.swift */,
				AC369C8D2113F2C300FD5A02 /* PopUpTableViewCell.xib */,
				AC369C8E2113F2C300FD5A02 /* PopUpCellViewModel.swift */,
			);
			path = PopUpCell;
			sourceTree = "<group>";
		};
		ACB04582210EFF4400159503 /* Controller */ = {
			isa = PBXGroup;
			children = (
				F5496348218A93BF0030CBF1 /* DetailFilm */,
				B051C8C22165C17A00C0CFC8 /* DetailCinema */,
				E3437E07215F898000CE88BE /* Cinema */,
				E3437E0C215F8CBD00CE88BE /* Films */,
				ACB04585210F023F00159503 /* Login */,
				AC369C892113F2C300FD5A02 /* PopUp */,
				ACB04591210F04F000159503 /* Profile */,
				ACB04590210F04DE00159503 /* Search */,
			);
			path = Controller;
			sourceTree = "<group>";
		};
		ACB04585210F023F00159503 /* Login */ = {
			isa = PBXGroup;
			children = (
				ACB0458A210F040C00159503 /* LoginViewController.swift */,
				ACB0458B210F040C00159503 /* LoginViewController.xib */,
				B03E5A0A2112DEBA0027188E /* LoginViewModel.swift */,
			);
			path = Login;
			sourceTree = "<group>";
		};
		ACB04590210F04DE00159503 /* Search */ = {
			isa = PBXGroup;
			children = (
				ACB0459A210F061C00159503 /* SearchViewController.swift */,
				ACB0459B210F061C00159503 /* SearchViewController.xib */,
				B0B86337216CA597007912C9 /* SearchViewModel.swift */,
			);
			path = Search;
			sourceTree = "<group>";
		};
		ACB04591210F04F000159503 /* Profile */ = {
			isa = PBXGroup;
			children = (
				B07FECCC216EFB13007883D5 /* Cell */,
				ACB0459E210F063A00159503 /* ProfileViewController.swift */,
				ACB0459F210F063A00159503 /* ProfileViewController.xib */,
				B050E3DC216E0A69006D0614 /* ProfileViewModel.swift */,
			);
			path = Profile;
			sourceTree = "<group>";
		};
		B051C8B92165A06F00C0CFC8 /* Cell */ = {
			isa = PBXGroup;
			children = (
				B051C8BA2165B66900C0CFC8 /* CinemaCell.swift */,
				B051C8BB2165B66900C0CFC8 /* CinemaCell.xib */,
				B051C8BE2165B69000C0CFC8 /* CinemaCellViewModel.swift */,
			);
			path = Cell;
			sourceTree = "<group>";
		};
		B051C8C22165C17A00C0CFC8 /* DetailCinema */ = {
			isa = PBXGroup;
			children = (
				B051C8C32165C22A00C0CFC8 /* DetailCinemaViewController.swift */,
				B051C8C42165C22A00C0CFC8 /* DetailCinemaViewController.xib */,
			);
			path = DetailCinema;
			sourceTree = "<group>";
		};
		B0606C49216B45A00046F5CD /* Font */ = {
			isa = PBXGroup;
			children = (
				B0606C57216B45C70046F5CD /* Montserrat-Black.ttf */,
				B0606C4C216B45C60046F5CD /* Montserrat-BlackItalic.ttf */,
				B0606C4F216B45C70046F5CD /* Montserrat-Bold.ttf */,
				B0606C4D216B45C60046F5CD /* Montserrat-BoldItalic.ttf */,
				B0606C4E216B45C70046F5CD /* Montserrat-ExtraBold.ttf */,
				B0606C50216B45C70046F5CD /* Montserrat-ExtraBoldItalic.ttf */,
				B0606C58216B45C80046F5CD /* Montserrat-ExtraLight.ttf */,
				B0606C55216B45C70046F5CD /* Montserrat-ExtraLightItalic.ttf */,
				B0606C5A216B45C80046F5CD /* Montserrat-Italic.ttf */,
				B0606C5B216B45C80046F5CD /* Montserrat-Light.ttf */,
				B0606C53216B45C70046F5CD /* Montserrat-LightItalic.ttf */,
				B0606C52216B45C70046F5CD /* Montserrat-Medium.ttf */,
				B0606C59216B45C80046F5CD /* Montserrat-MediumItalic.ttf */,
				B0606C4B216B45C60046F5CD /* Montserrat-Regular.ttf */,
				B0606C54216B45C70046F5CD /* Montserrat-SemiBold.ttf */,
				B0606C4A216B45C60046F5CD /* Montserrat-SemiBoldItalic.ttf */,
				B0606C51216B45C70046F5CD /* Montserrat-Thin.ttf */,
				B0606C56216B45C70046F5CD /* Montserrat-ThinItalic.ttf */,
			);
			path = Font;
			sourceTree = "<group>";
		};
		B07913B321630D1800E2627C /* Cell */ = {
			isa = PBXGroup;
			children = (
				B07C2CC9216C38320071959A /* NowShowingCell.swift */,
				B07C2CC8216C38320071959A /* NowShowingCell.xib */,
				B07C2CC7216C38320071959A /* NowShowingCellViewModel.swift */,
			);
			path = Cell;
			sourceTree = "<group>";
		};
		B07913BE21634AE600E2627C /* Cell */ = {
			isa = PBXGroup;
			children = (
				B07913BF21634B0300E2627C /* TodayCell.swift */,
				B07913C021634B0300E2627C /* TodayCell.xib */,
				B07913C3216350F500E2627C /* TodayCellViewModel.swift */,
			);
			path = Cell;
			sourceTree = "<group>";
		};
		B07913C7216362A400E2627C /* Cell */ = {
			isa = PBXGroup;
			children = (
				B07913C82163631000E2627C /* ComingSoonCell.swift */,
				B07913C92163631000E2627C /* ComingSoonCell.xib */,
				B07913CC2163632D00E2627C /* ComingSoonCellViewModel.swift */,
			);
			path = Cell;
			sourceTree = "<group>";
		};
		B07FECCC216EFB13007883D5 /* Cell */ = {
			isa = PBXGroup;
			children = (
				B07FECCD216EFB31007883D5 /* ProfileCell.swift */,
				B07FECCE216EFB31007883D5 /* ProfileCell.xib */,
				B07FECD1216EFD16007883D5 /* ProfileCellViewModel.swift */,
			);
			path = Cell;
			sourceTree = "<group>";
		};
		E3437E07215F898000CE88BE /* Cinema */ = {
			isa = PBXGroup;
			children = (
				B051C8B92165A06F00C0CFC8 /* Cell */,
				E3437E08215F8C1900CE88BE /* CinemaViewController.swift */,
				E3437E09215F8C1900CE88BE /* CinemaViewController.xib */,
				B07DB1062164B9D600ECE9A9 /* CinemaViewModel.swift */,
			);
			path = Cinema;
			sourceTree = "<group>";
		};
		E3437E0C215F8CBD00CE88BE /* Films */ = {
			isa = PBXGroup;
			children = (
				E3437E0D215F8CD300CE88BE /* FilmsViewController.swift */,
				E3437E0E215F8CD300CE88BE /* FilmsViewController.xib */,
				E3437E1C216128C500CE88BE /* ComingSoon */,
				E3437E1B2161286700CE88BE /* NowShowing */,
				E3437E1D216128D800CE88BE /* Today */,
			);
			path = Films;
			sourceTree = "<group>";
		};
		E3437E1B2161286700CE88BE /* NowShowing */ = {
			isa = PBXGroup;
			children = (
				B07913B321630D1800E2627C /* Cell */,
				B07C2CCD216C38420071959A /* NowShowingViewController.swift */,
				B07C2CCE216C38430071959A /* NowShowingViewController.xib */,
				B07C2CCF216C38430071959A /* NowShowingViewModel.swift */,
			);
			path = NowShowing;
			sourceTree = "<group>";
		};
		E3437E1C216128C500CE88BE /* ComingSoon */ = {
			isa = PBXGroup;
			children = (
				B07913C7216362A400E2627C /* Cell */,
				E3437E262161294F00CE88BE /* ComingSoonViewController.swift */,
				E3437E272161294F00CE88BE /* ComingSoonViewController.xib */,
				B07913C52163622B00E2627C /* ComingSoonViewModel.swift */,
			);
			path = ComingSoon;
			sourceTree = "<group>";
		};
		E3437E1D216128D800CE88BE /* Today */ = {
			isa = PBXGroup;
			children = (
				B07913BE21634AE600E2627C /* Cell */,
				E3437E1E2161293000CE88BE /* TodayViewController.swift */,
				E3437E1F2161293000CE88BE /* TodayViewController.xib */,
				B07913BC21634A3600E2627C /* TodayViewModel.swift */,
			);
			path = Today;
			sourceTree = "<group>";
		};
		E7A23BB3FDC7E19F0663DF69 /* Frameworks */ = {
			isa = PBXGroup;
			children = (
				7E8000CCB9AE328B83764288 /* Pods_MyApp.framework */,
				F49F1AB05FCB88523C52A0ED /* Pods_MyApp_MyAppTests.framework */,
				CD6157BCFE18E6143D3CB043 /* Pods_BTOnline.framework */,
				79A4EDB3D4CEAD755CAB9958 /* Pods_BTOnline_BTOnlineTests.framework */,
			);
			name = Frameworks;
			sourceTree = "<group>";
		};
		EC0105381E8F8ADF00CE013D /* BTOnline */ = {
			isa = PBXGroup;
			children = (
				EC0105441E8F8ADF00CE013D /* AppDelegate.swift */,
				EC01053D1E8F8ADF00CE013D /* Define */,
				ECF23AC01E9B9253008C23C1 /* Library */,
				ECF23A951E9B8503008C23C1 /* Model */,
				EC01053F1E8F8ADF00CE013D /* Resources */,
				EC0105411E8F8ADF00CE013D /* Supports */,
				EC0105431E8F8ADF00CE013D /* View */,
			);
			path = BTOnline;
			sourceTree = "<group>";
		};
		EC01053D1E8F8ADF00CE013D /* Define */ = {
			isa = PBXGroup;
			children = (
				B03E5A022112CF4D0027188E /* Key.swift */,
				EC5337B61EF78CD800ACE038 /* App.swift */,
				ECEC0C571ED44C5D00F6760A /* String.swift */,
				EC5337B41EF7845700ACE038 /* Color.swift */,
				EC5337BD1EF78FEA00ACE038 /* Font.swift */,
			);
			path = Define;
			sourceTree = "<group>";
		};
		EC01053F1E8F8ADF00CE013D /* Resources */ = {
			isa = PBXGroup;
			children = (
				B0606C49216B45A00046F5CD /* Font */,
				EC0105401E8F8ADF00CE013D /* Assets.xcassets */,
				EC5337BC1EF78E4D00ACE038 /* Localizable.strings */,
			);
			path = Resources;
			sourceTree = "<group>";
		};
		EC0105411E8F8ADF00CE013D /* Supports */ = {
			isa = PBXGroup;
			children = (
				EC0105421E8F8ADF00CE013D /* Info.plist */,
			);
			path = Supports;
			sourceTree = "<group>";
		};
		EC0105431E8F8ADF00CE013D /* View */ = {
			isa = PBXGroup;
			children = (
				EC5337BF1EF7933A00ACE038 /* Base */,
				ACB04582210EFF4400159503 /* Controller */,
				F1C6352A1EF141F300D0A1A0 /* LaunchScreen */,
			);
			path = View;
			sourceTree = "<group>";
		};
		EC01055B1E8F8AF000CE013D /* BTOnlineTests */ = {
			isa = PBXGroup;
			children = (
				EC01055C1E8F8AF000CE013D /* Info.plist */,
				EC2C488C1EAF011C00B22F4B /* Utils.swift */,
				ECC3B1C21EC17044001345C6 /* Library */,
				ECC3B1B51EC1701A001345C6 /* View */,
				ECC3B1BB1EC17025001345C6 /* ViewModel */,
			);
			path = BTOnlineTests;
			sourceTree = "<group>";
		};
		EC5337BF1EF7933A00ACE038 /* Base */ = {
			isa = PBXGroup;
			children = (
				EC5337C01EF7939C00ACE038 /* TableCell.swift */,
				EC5337C21EF793B100ACE038 /* CollectionCell.swift */,
				ECC5B2CA1EF90495001A97BC /* Button.swift */,
				ECC5B2CC1EF906CA001A97BC /* BaseViewController.swift */,
				ACB04583210F01F100159503 /* BaseTabBarController.swift */,
				ACB045A2210F0CEB00159503 /* BaseNavigationController.swift */,
			);
			path = Base;
			sourceTree = "<group>";
		};
		ECC3B1B51EC1701A001345C6 /* View */ = {
			isa = PBXGroup;
			children = (
			);
			path = View;
			sourceTree = "<group>";
		};
		ECC3B1BB1EC17025001345C6 /* ViewModel */ = {
			isa = PBXGroup;
			children = (
			);
			path = ViewModel;
			sourceTree = "<group>";
		};
		ECC3B1C21EC17044001345C6 /* Library */ = {
			isa = PBXGroup;
			children = (
				ECC3B1C31EC17044001345C6 /* Ext */,
			);
			path = Library;
			sourceTree = "<group>";
		};
		ECC3B1C31EC17044001345C6 /* Ext */ = {
			isa = PBXGroup;
			children = (
				ECC3B1CA1EC1B196001345C6 /* DictionayTests.swift */,
				ECC3B1C81EC1A2EA001345C6 /* NSURLTests.swift */,
				ECC3B1C41EC17044001345C6 /* StringTests.swift */,
			);
			path = Ext;
			sourceTree = "<group>";
		};
		ECCCCB0F1E7A40D00073D923 = {
			isa = PBXGroup;
			children = (
				EC0105381E8F8ADF00CE013D /* BTOnline */,
				EC01055B1E8F8AF000CE013D /* BTOnlineTests */,
				ECCCCB191E7A40D00073D923 /* Products */,
				60B550C083ADD72F4D2D53AA /* Pods */,
				E7A23BB3FDC7E19F0663DF69 /* Frameworks */,
			);
			sourceTree = "<group>";
		};
		ECCCCB191E7A40D00073D923 /* Products */ = {
			isa = PBXGroup;
			children = (
				ECCCCB181E7A40D00073D923 /* BTOnline.app */,
				ECCCCB2C1E7A40D10073D923 /* BTOnlineTests.xctest */,
			);
			name = Products;
			sourceTree = "<group>";
		};
		ECF23A951E9B8503008C23C1 /* Model */ = {
			isa = PBXGroup;
			children = (
				ECF23AAF1E9B869B008C23C1 /* API */,
				ECF23AA31E9B8586008C23C1 /* Schema */,
			);
			path = Model;
			sourceTree = "<group>";
		};
		ECF23AA31E9B8586008C23C1 /* Schema */ = {
			isa = PBXGroup;
			children = (
				AC369C972113F2F200FD5A02 /* PopUpItem.swift */,
				AC381335211198580051F573 /* Feed.swift */,
				B07913BA2163105F00E2627C /* Film.swift */,
				B051C8C02165BB1A00C0CFC8 /* Cinema.swift */,
				B07FECD3216F026E007883D5 /* ProfileMenu.swift */,
			);
			path = Schema;
			sourceTree = "<group>";
		};
		ECF23AAF1E9B869B008C23C1 /* API */ = {
			isa = PBXGroup;
			children = (
				ECF23AB01E9B869B008C23C1 /* Core */,
				B050EB732114358700E16758 /* API.Feed.swift */,
			);
			path = API;
			sourceTree = "<group>";
		};
		ECF23AB01E9B869B008C23C1 /* Core */ = {
			isa = PBXGroup;
			children = (
				EC332A471EA0A8CB0011DF1E /* Api.swift */,
				ECF23AB11E9B869B008C23C1 /* ApiManager.swift */,
				ECF23ABD1E9B8A6A008C23C1 /* Error.swift */,
				ECF23AB71E9B89B2008C23C1 /* RequestSerializer.swift */,
				ECF23AB81E9B89B2008C23C1 /* ResponseSerializer.swift */,
				B03E5A082112DE750027188E /* Session.swift */,
			);
			path = Core;
			sourceTree = "<group>";
		};
		ECF23AC01E9B9253008C23C1 /* Library */ = {
			isa = PBXGroup;
			children = (
				ECF23AC11E9B9253008C23C1 /* Ext */,
			);
			path = Library;
			sourceTree = "<group>";
		};
		ECF23AC11E9B9253008C23C1 /* Ext */ = {
			isa = PBXGroup;
			children = (
				ECD1C29A1EA725B1000EC989 /* InputViewExt.swift */,
				ECEC0C5D1ED44D7700F6760A /* MapperExt.swift */,
				ECF23AC21E9B9264008C23C1 /* StringExt.swift */,
				ECEC0C591ED44D4100F6760A /* UIViewControllerExt.swift */,
				B03E5A042112DE530027188E /* UIWebViewExt.swift */,
				B03E5A052112DE530027188E /* URLExt.swift */,
				B00C791F2117F67B002E8C75 /* UIImageViewExt.swift */,
				E3437E2A21612E9700CE88BE /* UIViewExt.swift */,
			);
			path = Ext;
			sourceTree = "<group>";
		};
		F1C6352A1EF141F300D0A1A0 /* LaunchScreen */ = {
			isa = PBXGroup;
			children = (
				F1C6352B1EF141F300D0A1A0 /* LaunchScreen.storyboard */,
			);
			path = LaunchScreen;
			sourceTree = "<group>";
		};
		F5496348218A93BF0030CBF1 /* DetailFilm */ = {
			isa = PBXGroup;
			children = (
				F5496349218A941C0030CBF1 /* DetailFilmViewController.swift */,
				F549634A218A941C0030CBF1 /* DetailFilmViewController.xib */,
				F549634D218A944B0030CBF1 /* DetailFilmViewModel.swift */,
			);
			path = DetailFilm;
			sourceTree = "<group>";
		};
/* End PBXGroup section */

/* Begin PBXNativeTarget section */
		ECCCCB171E7A40D00073D923 /* BTOnline */ = {
			isa = PBXNativeTarget;
			buildConfigurationList = ECCCCB351E7A40D10073D923 /* Build configuration list for PBXNativeTarget "BTOnline" */;
			buildPhases = (
				B0E09827A261C794A6F031AA /* [CP] Check Pods Manifest.lock */,
				EC8C6FF51ECAF27D00C52F7A /* SwiftLint */,
				ECCCCB141E7A40D00073D923 /* Sources */,
				ECCCCB151E7A40D00073D923 /* Frameworks */,
				ECCCCB161E7A40D00073D923 /* Resources */,
				E23D44304C718C6164C90A36 /* [CP] Embed Pods Frameworks */,
				EC01052F1E8F895300CE013D /* Embed Frameworks */,
			);
			buildRules = (
			);
			dependencies = (
			);
			name = BTOnline;
			productName = MVVM;
			productReference = ECCCCB181E7A40D00073D923 /* BTOnline.app */;
			productType = "com.apple.product-type.application";
		};
		ECCCCB2B1E7A40D10073D923 /* BTOnlineTests */ = {
			isa = PBXNativeTarget;
			buildConfigurationList = ECCCCB381E7A40D10073D923 /* Build configuration list for PBXNativeTarget "BTOnlineTests" */;
			buildPhases = (
				BB48CAD8894F6F7352250348 /* [CP] Check Pods Manifest.lock */,
				ECCCCB281E7A40D10073D923 /* Sources */,
				ECCCCB291E7A40D10073D923 /* Frameworks */,
				ECCCCB2A1E7A40D10073D923 /* Resources */,
				C5336427CD995EA5A795B11C /* [CP] Embed Pods Frameworks */,
			);
			buildRules = (
			);
			dependencies = (
				ECCCCB2E1E7A40D10073D923 /* PBXTargetDependency */,
			);
			name = BTOnlineTests;
			productName = MVVMTests;
			productReference = ECCCCB2C1E7A40D10073D923 /* BTOnlineTests.xctest */;
			productType = "com.apple.product-type.bundle.unit-test";
		};
/* End PBXNativeTarget section */

/* Begin PBXProject section */
		ECCCCB101E7A40D00073D923 /* Project object */ = {
			isa = PBXProject;
			attributes = {
				LastSwiftUpdateCheck = 0820;
				LastUpgradeCheck = 0940;
				ORGANIZATIONNAME = "Asian Tech Co., Ltd.";
				TargetAttributes = {
					ECCCCB171E7A40D00073D923 = {
						CreatedOnToolsVersion = 8.2;
						ProvisioningStyle = Automatic;
					};
					ECCCCB2B1E7A40D10073D923 = {
						CreatedOnToolsVersion = 8.2;
						ProvisioningStyle = Automatic;
						TestTargetID = ECCCCB171E7A40D00073D923;
					};
				};
			};
			buildConfigurationList = ECCCCB131E7A40D00073D923 /* Build configuration list for PBXProject "BTOnline" */;
			compatibilityVersion = "Xcode 3.2";
			developmentRegion = English;
			hasScannedForEncodings = 0;
			knownRegions = (
				en,
				Base,
			);
			mainGroup = ECCCCB0F1E7A40D00073D923;
			productRefGroup = ECCCCB191E7A40D00073D923 /* Products */;
			projectDirPath = "";
			projectRoot = "";
			targets = (
				ECCCCB171E7A40D00073D923 /* BTOnline */,
				ECCCCB2B1E7A40D10073D923 /* BTOnlineTests */,
			);
		};
/* End PBXProject section */

/* Begin PBXResourcesBuildPhase section */
		ECCCCB161E7A40D00073D923 /* Resources */ = {
			isa = PBXResourcesBuildPhase;
			buildActionMask = 2147483647;
			files = (
				B0606C5C216B45C80046F5CD /* Montserrat-SemiBoldItalic.ttf in Resources */,
				ACB0458D210F040C00159503 /* LoginViewController.xib in Resources */,
				E3437E0B215F8C1900CE88BE /* CinemaViewController.xib in Resources */,
				AC369C912113F2C300FD5A02 /* PopUpViewController.xib in Resources */,
				B0606C5F216B45C80046F5CD /* Montserrat-BoldItalic.ttf in Resources */,
				E3437E10215F8CD300CE88BE /* FilmsViewController.xib in Resources */,
				B051C8C62165C22A00C0CFC8 /* DetailCinemaViewController.xib in Resources */,
				B0606C64216B45C80046F5CD /* Montserrat-Medium.ttf in Resources */,
				B0606C65216B45C80046F5CD /* Montserrat-LightItalic.ttf in Resources */,
				B0606C69216B45C80046F5CD /* Montserrat-Black.ttf in Resources */,
				B07FECD0216EFB31007883D5 /* ProfileCell.xib in Resources */,
				B051C8BD2165B66900C0CFC8 /* CinemaCell.xib in Resources */,
				B0606C6D216B45C80046F5CD /* Montserrat-Light.ttf in Resources */,
				F549634C218A941C0030CBF1 /* DetailFilmViewController.xib in Resources */,
				B0606C5D216B45C80046F5CD /* Montserrat-Regular.ttf in Resources */,
				E3437E292161294F00CE88BE /* ComingSoonViewController.xib in Resources */,
				B07913C221634B0300E2627C /* TodayCell.xib in Resources */,
				AC369C932113F2C300FD5A02 /* PopUpTableViewCell.xib in Resources */,
				B0606C60216B45C80046F5CD /* Montserrat-ExtraBold.ttf in Resources */,
				B0606C63216B45C80046F5CD /* Montserrat-Thin.ttf in Resources */,
				B0606C67216B45C80046F5CD /* Montserrat-ExtraLightItalic.ttf in Resources */,
				B07C2CD1216C38430071959A /* NowShowingViewController.xib in Resources */,
				ACB045A1210F063A00159503 /* ProfileViewController.xib in Resources */,
				B0606C6C216B45C80046F5CD /* Montserrat-Italic.ttf in Resources */,
				B0606C68216B45C80046F5CD /* Montserrat-ThinItalic.ttf in Resources */,
				EC0105521E8F8AE000CE013D /* Assets.xcassets in Resources */,
				B0606C62216B45C80046F5CD /* Montserrat-ExtraBoldItalic.ttf in Resources */,
				B0606C5E216B45C80046F5CD /* Montserrat-BlackItalic.ttf in Resources */,
				B0606C66216B45C80046F5CD /* Montserrat-SemiBold.ttf in Resources */,
				B0606C6B216B45C80046F5CD /* Montserrat-MediumItalic.ttf in Resources */,
				EC5337BA1EF78E4D00ACE038 /* Localizable.strings in Resources */,
				F1C6352C1EF141F300D0A1A0 /* LaunchScreen.storyboard in Resources */,
				B0606C6A216B45C80046F5CD /* Montserrat-ExtraLight.ttf in Resources */,
				B0606C61216B45C80046F5CD /* Montserrat-Bold.ttf in Resources */,
				ACB0459D210F061C00159503 /* SearchViewController.xib in Resources */,
				B07C2CCB216C38330071959A /* NowShowingCell.xib in Resources */,
				E3437E212161293000CE88BE /* TodayViewController.xib in Resources */,
				B07913CB2163631000E2627C /* ComingSoonCell.xib in Resources */,
			);
			runOnlyForDeploymentPostprocessing = 0;
		};
		ECCCCB2A1E7A40D10073D923 /* Resources */ = {
			isa = PBXResourcesBuildPhase;
			buildActionMask = 2147483647;
			files = (
			);
			runOnlyForDeploymentPostprocessing = 0;
		};
/* End PBXResourcesBuildPhase section */

/* Begin PBXShellScriptBuildPhase section */
		B0E09827A261C794A6F031AA /* [CP] Check Pods Manifest.lock */ = {
			isa = PBXShellScriptBuildPhase;
			buildActionMask = 2147483647;
			files = (
			);
			inputPaths = (
				"${PODS_PODFILE_DIR_PATH}/Podfile.lock",
				"${PODS_ROOT}/Manifest.lock",
			);
			name = "[CP] Check Pods Manifest.lock";
			outputPaths = (
				"$(DERIVED_FILE_DIR)/Pods-BTOnline-checkManifestLockResult.txt",
			);
			runOnlyForDeploymentPostprocessing = 0;
			shellPath = /bin/sh;
			shellScript = "diff \"${PODS_PODFILE_DIR_PATH}/Podfile.lock\" \"${PODS_ROOT}/Manifest.lock\" > /dev/null\nif [ $? != 0 ] ; then\n    # print error to STDERR\n    echo \"error: The sandbox is not in sync with the Podfile.lock. Run 'pod install' or update your CocoaPods installation.\" >&2\n    exit 1\nfi\n# This output is used by Xcode 'outputs' to avoid re-running this script phase.\necho \"SUCCESS\" > \"${SCRIPT_OUTPUT_FILE_0}\"\n";
			showEnvVarsInLog = 0;
		};
		BB48CAD8894F6F7352250348 /* [CP] Check Pods Manifest.lock */ = {
			isa = PBXShellScriptBuildPhase;
			buildActionMask = 2147483647;
			files = (
			);
			inputPaths = (
				"${PODS_PODFILE_DIR_PATH}/Podfile.lock",
				"${PODS_ROOT}/Manifest.lock",
			);
			name = "[CP] Check Pods Manifest.lock";
			outputPaths = (
				"$(DERIVED_FILE_DIR)/Pods-BTOnline-BTOnlineTests-checkManifestLockResult.txt",
			);
			runOnlyForDeploymentPostprocessing = 0;
			shellPath = /bin/sh;
			shellScript = "diff \"${PODS_PODFILE_DIR_PATH}/Podfile.lock\" \"${PODS_ROOT}/Manifest.lock\" > /dev/null\nif [ $? != 0 ] ; then\n    # print error to STDERR\n    echo \"error: The sandbox is not in sync with the Podfile.lock. Run 'pod install' or update your CocoaPods installation.\" >&2\n    exit 1\nfi\n# This output is used by Xcode 'outputs' to avoid re-running this script phase.\necho \"SUCCESS\" > \"${SCRIPT_OUTPUT_FILE_0}\"\n";
			showEnvVarsInLog = 0;
		};
		C5336427CD995EA5A795B11C /* [CP] Embed Pods Frameworks */ = {
			isa = PBXShellScriptBuildPhase;
			buildActionMask = 2147483647;
			files = (
			);
			inputPaths = (
				"${SRCROOT}/Pods/Target Support Files/Pods-BTOnline-BTOnlineTests/Pods-BTOnline-BTOnlineTests-frameworks.sh",
				"${BUILT_PRODUCTS_DIR}/Alamofire/Alamofire.framework",
				"${BUILT_PRODUCTS_DIR}/AlamofireNetworkActivityIndicator/AlamofireNetworkActivityIndicator.framework",
				"${BUILT_PRODUCTS_DIR}/AsyncSwift/Async.framework",
				"${BUILT_PRODUCTS_DIR}/GlidingCollection/GlidingCollection.framework",
				"${BUILT_PRODUCTS_DIR}/Kingfisher/Kingfisher.framework",
				"${BUILT_PRODUCTS_DIR}/MVVM-Swift/MVVM.framework",
				"${BUILT_PRODUCTS_DIR}/ObjectMapper/ObjectMapper.framework",
				"${BUILT_PRODUCTS_DIR}/Parchment/Parchment.framework",
				"${BUILT_PRODUCTS_DIR}/RAMReel/RAMReel.framework",
				"${BUILT_PRODUCTS_DIR}/SwiftDate/SwiftDate.framework",
				"${BUILT_PRODUCTS_DIR}/SwiftUtils/SwiftUtils.framework",
				"${BUILT_PRODUCTS_DIR}/SwifterSwift/SwifterSwift.framework",
				"${BUILT_PRODUCTS_DIR}/TransitionButton/TransitionButton.framework",
				"${BUILT_PRODUCTS_DIR}/Mockingjay/Mockingjay.framework",
				"${BUILT_PRODUCTS_DIR}/Nimble/Nimble.framework",
				"${BUILT_PRODUCTS_DIR}/Quick/Quick.framework",
				"${BUILT_PRODUCTS_DIR}/RxBlocking/RxBlocking.framework",
				"${BUILT_PRODUCTS_DIR}/RxSwift/RxSwift.framework",
				"${BUILT_PRODUCTS_DIR}/RxTest/RxTest.framework",
				"${BUILT_PRODUCTS_DIR}/URITemplate/URITemplate.framework",
			);
			name = "[CP] Embed Pods Frameworks";
			outputPaths = (
				"${TARGET_BUILD_DIR}/${FRAMEWORKS_FOLDER_PATH}/Alamofire.framework",
				"${TARGET_BUILD_DIR}/${FRAMEWORKS_FOLDER_PATH}/AlamofireNetworkActivityIndicator.framework",
				"${TARGET_BUILD_DIR}/${FRAMEWORKS_FOLDER_PATH}/Async.framework",
				"${TARGET_BUILD_DIR}/${FRAMEWORKS_FOLDER_PATH}/GlidingCollection.framework",
				"${TARGET_BUILD_DIR}/${FRAMEWORKS_FOLDER_PATH}/Kingfisher.framework",
				"${TARGET_BUILD_DIR}/${FRAMEWORKS_FOLDER_PATH}/MVVM.framework",
				"${TARGET_BUILD_DIR}/${FRAMEWORKS_FOLDER_PATH}/ObjectMapper.framework",
				"${TARGET_BUILD_DIR}/${FRAMEWORKS_FOLDER_PATH}/Parchment.framework",
				"${TARGET_BUILD_DIR}/${FRAMEWORKS_FOLDER_PATH}/RAMReel.framework",
				"${TARGET_BUILD_DIR}/${FRAMEWORKS_FOLDER_PATH}/SwiftDate.framework",
				"${TARGET_BUILD_DIR}/${FRAMEWORKS_FOLDER_PATH}/SwiftUtils.framework",
				"${TARGET_BUILD_DIR}/${FRAMEWORKS_FOLDER_PATH}/SwifterSwift.framework",
				"${TARGET_BUILD_DIR}/${FRAMEWORKS_FOLDER_PATH}/TransitionButton.framework",
				"${TARGET_BUILD_DIR}/${FRAMEWORKS_FOLDER_PATH}/Mockingjay.framework",
				"${TARGET_BUILD_DIR}/${FRAMEWORKS_FOLDER_PATH}/Nimble.framework",
				"${TARGET_BUILD_DIR}/${FRAMEWORKS_FOLDER_PATH}/Quick.framework",
				"${TARGET_BUILD_DIR}/${FRAMEWORKS_FOLDER_PATH}/RxBlocking.framework",
				"${TARGET_BUILD_DIR}/${FRAMEWORKS_FOLDER_PATH}/RxSwift.framework",
				"${TARGET_BUILD_DIR}/${FRAMEWORKS_FOLDER_PATH}/RxTest.framework",
				"${TARGET_BUILD_DIR}/${FRAMEWORKS_FOLDER_PATH}/URITemplate.framework",
			);
			runOnlyForDeploymentPostprocessing = 0;
			shellPath = /bin/sh;
			shellScript = "\"${SRCROOT}/Pods/Target Support Files/Pods-BTOnline-BTOnlineTests/Pods-BTOnline-BTOnlineTests-frameworks.sh\"\n";
			showEnvVarsInLog = 0;
		};
		E23D44304C718C6164C90A36 /* [CP] Embed Pods Frameworks */ = {
			isa = PBXShellScriptBuildPhase;
			buildActionMask = 2147483647;
			files = (
			);
			inputPaths = (
				"${SRCROOT}/Pods/Target Support Files/Pods-BTOnline/Pods-BTOnline-frameworks.sh",
				"${BUILT_PRODUCTS_DIR}/Alamofire/Alamofire.framework",
				"${BUILT_PRODUCTS_DIR}/AlamofireNetworkActivityIndicator/AlamofireNetworkActivityIndicator.framework",
				"${BUILT_PRODUCTS_DIR}/AsyncSwift/Async.framework",
				"${BUILT_PRODUCTS_DIR}/GlidingCollection/GlidingCollection.framework",
				"${BUILT_PRODUCTS_DIR}/Kingfisher/Kingfisher.framework",
				"${BUILT_PRODUCTS_DIR}/MVVM-Swift/MVVM.framework",
				"${BUILT_PRODUCTS_DIR}/ObjectMapper/ObjectMapper.framework",
				"${BUILT_PRODUCTS_DIR}/Parchment/Parchment.framework",
				"${BUILT_PRODUCTS_DIR}/RAMReel/RAMReel.framework",
				"${BUILT_PRODUCTS_DIR}/SwiftDate/SwiftDate.framework",
				"${BUILT_PRODUCTS_DIR}/SwiftUtils/SwiftUtils.framework",
				"${BUILT_PRODUCTS_DIR}/SwifterSwift/SwifterSwift.framework",
				"${BUILT_PRODUCTS_DIR}/TransitionButton/TransitionButton.framework",
			);
			name = "[CP] Embed Pods Frameworks";
			outputPaths = (
				"${TARGET_BUILD_DIR}/${FRAMEWORKS_FOLDER_PATH}/Alamofire.framework",
				"${TARGET_BUILD_DIR}/${FRAMEWORKS_FOLDER_PATH}/AlamofireNetworkActivityIndicator.framework",
				"${TARGET_BUILD_DIR}/${FRAMEWORKS_FOLDER_PATH}/Async.framework",
				"${TARGET_BUILD_DIR}/${FRAMEWORKS_FOLDER_PATH}/GlidingCollection.framework",
				"${TARGET_BUILD_DIR}/${FRAMEWORKS_FOLDER_PATH}/Kingfisher.framework",
				"${TARGET_BUILD_DIR}/${FRAMEWORKS_FOLDER_PATH}/MVVM.framework",
				"${TARGET_BUILD_DIR}/${FRAMEWORKS_FOLDER_PATH}/ObjectMapper.framework",
				"${TARGET_BUILD_DIR}/${FRAMEWORKS_FOLDER_PATH}/Parchment.framework",
				"${TARGET_BUILD_DIR}/${FRAMEWORKS_FOLDER_PATH}/RAMReel.framework",
				"${TARGET_BUILD_DIR}/${FRAMEWORKS_FOLDER_PATH}/SwiftDate.framework",
				"${TARGET_BUILD_DIR}/${FRAMEWORKS_FOLDER_PATH}/SwiftUtils.framework",
				"${TARGET_BUILD_DIR}/${FRAMEWORKS_FOLDER_PATH}/SwifterSwift.framework",
				"${TARGET_BUILD_DIR}/${FRAMEWORKS_FOLDER_PATH}/TransitionButton.framework",
			);
			runOnlyForDeploymentPostprocessing = 0;
			shellPath = /bin/sh;
			shellScript = "\"${SRCROOT}/Pods/Target Support Files/Pods-BTOnline/Pods-BTOnline-frameworks.sh\"\n";
			showEnvVarsInLog = 0;
		};
		EC8C6FF51ECAF27D00C52F7A /* SwiftLint */ = {
			isa = PBXShellScriptBuildPhase;
			buildActionMask = 2147483647;
			files = (
			);
			inputPaths = (
			);
			name = SwiftLint;
			outputPaths = (
			);
			runOnlyForDeploymentPostprocessing = 0;
			shellPath = /bin/sh;
			shellScript = "if [[ \"$CI\" == 'true' ]]; then\n    exit 0\nfi\n\nif [[ -s \"${PODS_ROOT}/SwiftLint/swiftlint\" ]]; then\n    echo 'Linting...'\n    \"${PODS_ROOT}/SwiftLint/swiftlint\"\nelse\n    echo 'error: SwiftLint not installed, please read README first.'\n    exit 1\nfi\n";
		};
/* End PBXShellScriptBuildPhase section */

/* Begin PBXSourcesBuildPhase section */
		ECCCCB141E7A40D00073D923 /* Sources */ = {
			isa = PBXSourcesBuildPhase;
			buildActionMask = 2147483647;
			files = (
				E3437E2B21612E9700CE88BE /* UIViewExt.swift in Sources */,
				AC369C962113F2C300FD5A02 /* PopUpViewController.swift in Sources */,
				B07913BB2163106000E2627C /* Film.swift in Sources */,
				B03E5A062112DE530027188E /* UIWebViewExt.swift in Sources */,
				EC5337C11EF7939C00ACE038 /* TableCell.swift in Sources */,
				AC381336211198580051F573 /* Feed.swift in Sources */,
				ECF23AC31E9B9264008C23C1 /* StringExt.swift in Sources */,
				AC369C982113F2F200FD5A02 /* PopUpItem.swift in Sources */,
				AC369C942113F2C300FD5A02 /* PopUpCellViewModel.swift in Sources */,
				B07FECD4216F026E007883D5 /* ProfileMenu.swift in Sources */,
				B07FECCF216EFB31007883D5 /* ProfileCell.swift in Sources */,
				ACB04584210F01F100159503 /* BaseTabBarController.swift in Sources */,
				B07913C121634B0300E2627C /* TodayCell.swift in Sources */,
				ECEC0C5E1ED44D7700F6760A /* MapperExt.swift in Sources */,
				EC5337B71EF78CD800ACE038 /* App.swift in Sources */,
				B050EB742114358700E16758 /* API.Feed.swift in Sources */,
				B050E3DD216E0A69006D0614 /* ProfileViewModel.swift in Sources */,
				B07913CD2163632D00E2627C /* ComingSoonCellViewModel.swift in Sources */,
				ACB045A0210F063A00159503 /* ProfileViewController.swift in Sources */,
				E3437E0F215F8CD300CE88BE /* FilmsViewController.swift in Sources */,
				B07913CA2163631000E2627C /* ComingSoonCell.swift in Sources */,
				B0B86338216CA598007912C9 /* SearchViewModel.swift in Sources */,
				F549634B218A941C0030CBF1 /* DetailFilmViewController.swift in Sources */,
				ECC5B2CD1EF906CA001A97BC /* BaseViewController.swift in Sources */,
				EC5337C31EF793B100ACE038 /* CollectionCell.swift in Sources */,
				B07913BD21634A3600E2627C /* TodayViewModel.swift in Sources */,
				B051C8C52165C22A00C0CFC8 /* DetailCinemaViewController.swift in Sources */,
				F549634E218A944B0030CBF1 /* DetailFilmViewModel.swift in Sources */,
				ECF23ABA1E9B89B2008C23C1 /* RequestSerializer.swift in Sources */,
				B07C2CD2216C38430071959A /* NowShowingViewModel.swift in Sources */,
				B07913C62163622B00E2627C /* ComingSoonViewModel.swift in Sources */,
				ACB0458C210F040C00159503 /* LoginViewController.swift in Sources */,
				B03E5A032112CF4D0027188E /* Key.swift in Sources */,
				B051C8C12165BB1A00C0CFC8 /* Cinema.swift in Sources */,
				B00C79202117F67C002E8C75 /* UIImageViewExt.swift in Sources */,
				ECC5B2CB1EF90495001A97BC /* Button.swift in Sources */,
				B07C2CCA216C38330071959A /* NowShowingCellViewModel.swift in Sources */,
				E3437E202161293000CE88BE /* TodayViewController.swift in Sources */,
				AC369C922113F2C300FD5A02 /* PopUpTableViewCell.swift in Sources */,
				B051C8BF2165B69000C0CFC8 /* CinemaCellViewModel.swift in Sources */,
				EC0105541E8F8AE000CE013D /* AppDelegate.swift in Sources */,
				E3437E0A215F8C1900CE88BE /* CinemaViewController.swift in Sources */,
				ACB0459C210F061C00159503 /* SearchViewController.swift in Sources */,
				B07913C4216350F500E2627C /* TodayCellViewModel.swift in Sources */,
				EC332A481EA0A8CB0011DF1E /* Api.swift in Sources */,
				ECD1C29B1EA725B1000EC989 /* InputViewExt.swift in Sources */,
				B07FECD2216EFD16007883D5 /* ProfileCellViewModel.swift in Sources */,
				ECF23AB41E9B869B008C23C1 /* ApiManager.swift in Sources */,
				ECEC0C5A1ED44D4100F6760A /* UIViewControllerExt.swift in Sources */,
				B03E5A072112DE530027188E /* URLExt.swift in Sources */,
				ECEC0C581ED44C5D00F6760A /* String.swift in Sources */,
				B03E5A092112DE750027188E /* Session.swift in Sources */,
				EC5337BE1EF78FEA00ACE038 /* Font.swift in Sources */,
				B051C8BC2165B66900C0CFC8 /* CinemaCell.swift in Sources */,
				B07C2CCC216C38330071959A /* NowShowingCell.swift in Sources */,
				ECF23ABB1E9B89B2008C23C1 /* ResponseSerializer.swift in Sources */,
				ECF23ABE1E9B8A6A008C23C1 /* Error.swift in Sources */,
				E3437E282161294F00CE88BE /* ComingSoonViewController.swift in Sources */,
				ACB045A3210F0CEB00159503 /* BaseNavigationController.swift in Sources */,
				B07C2CD0216C38430071959A /* NowShowingViewController.swift in Sources */,
				B07DB1072164B9D600ECE9A9 /* CinemaViewModel.swift in Sources */,
				EC5337B51EF7845700ACE038 /* Color.swift in Sources */,
				B03E5A0E2112DEBB0027188E /* LoginViewModel.swift in Sources */,
				AC369C952113F2C300FD5A02 /* PopUpViewModel.swift in Sources */,
			);
			runOnlyForDeploymentPostprocessing = 0;
		};
		ECCCCB281E7A40D10073D923 /* Sources */ = {
			isa = PBXSourcesBuildPhase;
			buildActionMask = 2147483647;
			files = (
				ECC3B1C51EC17044001345C6 /* StringTests.swift in Sources */,
				ECC3B1CB1EC1B196001345C6 /* DictionayTests.swift in Sources */,
				ECC3B1C91EC1A2EA001345C6 /* NSURLTests.swift in Sources */,
				EC2C488D1EAF011C00B22F4B /* Utils.swift in Sources */,
			);
			runOnlyForDeploymentPostprocessing = 0;
		};
/* End PBXSourcesBuildPhase section */

/* Begin PBXTargetDependency section */
		ECCCCB2E1E7A40D10073D923 /* PBXTargetDependency */ = {
			isa = PBXTargetDependency;
			target = ECCCCB171E7A40D00073D923 /* BTOnline */;
			targetProxy = ECCCCB2D1E7A40D10073D923 /* PBXContainerItemProxy */;
		};
/* End PBXTargetDependency section */

/* Begin PBXVariantGroup section */
		EC5337BC1EF78E4D00ACE038 /* Localizable.strings */ = {
			isa = PBXVariantGroup;
			children = (
				EC5337BB1EF78E4D00ACE038 /* Base */,
			);
			name = Localizable.strings;
			sourceTree = "<group>";
		};
/* End PBXVariantGroup section */

/* Begin XCBuildConfiguration section */
		ECCCCB331E7A40D10073D923 /* Debug */ = {
			isa = XCBuildConfiguration;
			buildSettings = {
				ALWAYS_SEARCH_USER_PATHS = NO;
				CLANG_ANALYZER_NONNULL = YES;
				CLANG_CXX_LANGUAGE_STANDARD = "gnu++0x";
				CLANG_CXX_LIBRARY = "libc++";
				CLANG_ENABLE_MODULES = YES;
				CLANG_ENABLE_OBJC_ARC = YES;
				CLANG_WARN_BLOCK_CAPTURE_AUTORELEASING = YES;
				CLANG_WARN_BOOL_CONVERSION = YES;
				CLANG_WARN_COMMA = YES;
				CLANG_WARN_CONSTANT_CONVERSION = YES;
				CLANG_WARN_DEPRECATED_OBJC_IMPLEMENTATIONS = YES;
				CLANG_WARN_DIRECT_OBJC_ISA_USAGE = YES_ERROR;
				CLANG_WARN_DOCUMENTATION_COMMENTS = YES;
				CLANG_WARN_EMPTY_BODY = YES;
				CLANG_WARN_ENUM_CONVERSION = YES;
				CLANG_WARN_INFINITE_RECURSION = YES;
				CLANG_WARN_INT_CONVERSION = YES;
				CLANG_WARN_NON_LITERAL_NULL_CONVERSION = YES;
				CLANG_WARN_OBJC_IMPLICIT_RETAIN_SELF = YES;
				CLANG_WARN_OBJC_LITERAL_CONVERSION = YES;
				CLANG_WARN_OBJC_ROOT_CLASS = YES_ERROR;
				CLANG_WARN_RANGE_LOOP_ANALYSIS = YES;
				CLANG_WARN_STRICT_PROTOTYPES = YES;
				CLANG_WARN_SUSPICIOUS_MOVE = YES;
				CLANG_WARN_UNREACHABLE_CODE = YES;
				CLANG_WARN__DUPLICATE_METHOD_MATCH = YES;
				"CODE_SIGN_IDENTITY[sdk=iphoneos*]" = "iPhone Developer";
				COPY_PHASE_STRIP = NO;
				DEBUG_INFORMATION_FORMAT = dwarf;
				ENABLE_STRICT_OBJC_MSGSEND = YES;
				ENABLE_TESTABILITY = YES;
				GCC_C_LANGUAGE_STANDARD = gnu99;
				GCC_DYNAMIC_NO_PIC = NO;
				GCC_NO_COMMON_BLOCKS = YES;
				GCC_OPTIMIZATION_LEVEL = 0;
				GCC_PREPROCESSOR_DEFINITIONS = (
					"DEBUG=1",
					"$(inherited)",
				);
				GCC_WARN_64_TO_32_BIT_CONVERSION = YES;
				GCC_WARN_ABOUT_RETURN_TYPE = YES_ERROR;
				GCC_WARN_UNDECLARED_SELECTOR = YES;
				GCC_WARN_UNINITIALIZED_AUTOS = YES_AGGRESSIVE;
				GCC_WARN_UNUSED_FUNCTION = YES;
				GCC_WARN_UNUSED_VARIABLE = YES;
				IPHONEOS_DEPLOYMENT_TARGET = 9.0;
				MTL_ENABLE_DEBUG_INFO = YES;
				ONLY_ACTIVE_ARCH = YES;
				SDKROOT = iphoneos;
				SWIFT_ACTIVE_COMPILATION_CONDITIONS = DEBUG;
				SWIFT_OPTIMIZATION_LEVEL = "-Onone";
				SWIFT_VERSION = 4.2;
			};
			name = Debug;
		};
		ECCCCB341E7A40D10073D923 /* Release */ = {
			isa = XCBuildConfiguration;
			buildSettings = {
				ALWAYS_SEARCH_USER_PATHS = NO;
				CLANG_ANALYZER_NONNULL = YES;
				CLANG_CXX_LANGUAGE_STANDARD = "gnu++0x";
				CLANG_CXX_LIBRARY = "libc++";
				CLANG_ENABLE_MODULES = YES;
				CLANG_ENABLE_OBJC_ARC = YES;
				CLANG_WARN_BLOCK_CAPTURE_AUTORELEASING = YES;
				CLANG_WARN_BOOL_CONVERSION = YES;
				CLANG_WARN_COMMA = YES;
				CLANG_WARN_CONSTANT_CONVERSION = YES;
				CLANG_WARN_DEPRECATED_OBJC_IMPLEMENTATIONS = YES;
				CLANG_WARN_DIRECT_OBJC_ISA_USAGE = YES_ERROR;
				CLANG_WARN_DOCUMENTATION_COMMENTS = YES;
				CLANG_WARN_EMPTY_BODY = YES;
				CLANG_WARN_ENUM_CONVERSION = YES;
				CLANG_WARN_INFINITE_RECURSION = YES;
				CLANG_WARN_INT_CONVERSION = YES;
				CLANG_WARN_NON_LITERAL_NULL_CONVERSION = YES;
				CLANG_WARN_OBJC_IMPLICIT_RETAIN_SELF = YES;
				CLANG_WARN_OBJC_LITERAL_CONVERSION = YES;
				CLANG_WARN_OBJC_ROOT_CLASS = YES_ERROR;
				CLANG_WARN_RANGE_LOOP_ANALYSIS = YES;
				CLANG_WARN_STRICT_PROTOTYPES = YES;
				CLANG_WARN_SUSPICIOUS_MOVE = YES;
				CLANG_WARN_UNREACHABLE_CODE = YES;
				CLANG_WARN__DUPLICATE_METHOD_MATCH = YES;
				"CODE_SIGN_IDENTITY[sdk=iphoneos*]" = "iPhone Developer";
				COPY_PHASE_STRIP = NO;
				DEBUG_INFORMATION_FORMAT = "dwarf-with-dsym";
				ENABLE_NS_ASSERTIONS = NO;
				ENABLE_STRICT_OBJC_MSGSEND = YES;
				GCC_C_LANGUAGE_STANDARD = gnu99;
				GCC_NO_COMMON_BLOCKS = YES;
				GCC_PREPROCESSOR_DEFINITIONS = "";
				GCC_WARN_64_TO_32_BIT_CONVERSION = YES;
				GCC_WARN_ABOUT_RETURN_TYPE = YES_ERROR;
				GCC_WARN_UNDECLARED_SELECTOR = YES;
				GCC_WARN_UNINITIALIZED_AUTOS = YES_AGGRESSIVE;
				GCC_WARN_UNUSED_FUNCTION = YES;
				GCC_WARN_UNUSED_VARIABLE = YES;
				IPHONEOS_DEPLOYMENT_TARGET = 9.0;
				MTL_ENABLE_DEBUG_INFO = NO;
				SDKROOT = iphoneos;
				SWIFT_OPTIMIZATION_LEVEL = "-Owholemodule";
				SWIFT_VERSION = 4.2;
				VALIDATE_PRODUCT = YES;
			};
			name = Release;
		};
		ECCCCB361E7A40D10073D923 /* Debug */ = {
			isa = XCBuildConfiguration;
			baseConfigurationReference = CAE375C3BB371FB32C5ECD9C /* Pods-BTOnline.debug.xcconfig */;
			buildSettings = {
				ASSETCATALOG_COMPILER_APPICON_NAME = AppIcon;
				FRAMEWORK_SEARCH_PATHS = "$(inherited)";
				INFOPLIST_FILE = "$(SRCROOT)/BTOnline/Supports/Info.plist";
				IPHONEOS_DEPLOYMENT_TARGET = 9.0;
				LD_RUNPATH_SEARCH_PATHS = "$(inherited) @executable_path/Frameworks";
				PRODUCT_BUNDLE_IDENTIFIER = vn.quangnk.dev.mvvm.btonline;
				PRODUCT_NAME = "$(TARGET_NAME)";
				SWIFT_VERSION = 4.2;
			};
			name = Debug;
		};
		ECCCCB371E7A40D10073D923 /* Release */ = {
			isa = XCBuildConfiguration;
			baseConfigurationReference = F07A209F0FD08F6DD436ACA6 /* Pods-BTOnline.release.xcconfig */;
			buildSettings = {
				ASSETCATALOG_COMPILER_APPICON_NAME = AppIcon;
				FRAMEWORK_SEARCH_PATHS = "$(inherited)";
				INFOPLIST_FILE = "$(SRCROOT)/BTOnline/Supports/Info.plist";
				IPHONEOS_DEPLOYMENT_TARGET = 9.0;
				LD_RUNPATH_SEARCH_PATHS = "$(inherited) @executable_path/Frameworks";
				PRODUCT_BUNDLE_IDENTIFIER = vn.quangnk.dev.mvvm.btonline;
				PRODUCT_NAME = "$(TARGET_NAME)";
				SWIFT_VERSION = 4.2;
			};
			name = Release;
		};
		ECCCCB391E7A40D10073D923 /* Debug */ = {
			isa = XCBuildConfiguration;
			baseConfigurationReference = 86BA93F692DED235A19D53AD /* Pods-BTOnline-BTOnlineTests.debug.xcconfig */;
			buildSettings = {
				ALWAYS_EMBED_SWIFT_STANDARD_LIBRARIES = "${inherited}";
				BUNDLE_LOADER = "$(TEST_HOST)";
				INFOPLIST_FILE = MyAppTests/Info.plist;
				LD_RUNPATH_SEARCH_PATHS = "$(inherited) @executable_path/Frameworks @loader_path/Frameworks";
				PRODUCT_BUNDLE_IDENTIFIER = vn.asiantech.dev.mvvm.tests;
				PRODUCT_NAME = "$(TARGET_NAME)";
				SWIFT_VERSION = 4.2;
				TEST_HOST = "$(BUILT_PRODUCTS_DIR)/BTOnline.app/BTOnline";
			};
			name = Debug;
		};
		ECCCCB3A1E7A40D10073D923 /* Release */ = {
			isa = XCBuildConfiguration;
			baseConfigurationReference = E89867748A05C95F14D10F11 /* Pods-BTOnline-BTOnlineTests.release.xcconfig */;
			buildSettings = {
				ALWAYS_EMBED_SWIFT_STANDARD_LIBRARIES = "${inherited}";
				BUNDLE_LOADER = "$(TEST_HOST)";
				INFOPLIST_FILE = MyAppTests/Info.plist;
				LD_RUNPATH_SEARCH_PATHS = "$(inherited) @executable_path/Frameworks @loader_path/Frameworks";
				PRODUCT_BUNDLE_IDENTIFIER = vn.asiantech.dev.mvvm.tests;
				PRODUCT_NAME = "$(TARGET_NAME)";
				SWIFT_VERSION = 4.2;
				TEST_HOST = "$(BUILT_PRODUCTS_DIR)/BTOnline.app/BTOnline";
			};
			name = Release;
		};
		ECE876851EA9B979005DD06D /* Staging */ = {
			isa = XCBuildConfiguration;
			buildSettings = {
				ALWAYS_SEARCH_USER_PATHS = NO;
				CLANG_ANALYZER_NONNULL = YES;
				CLANG_CXX_LANGUAGE_STANDARD = "gnu++0x";
				CLANG_CXX_LIBRARY = "libc++";
				CLANG_ENABLE_MODULES = YES;
				CLANG_ENABLE_OBJC_ARC = YES;
				CLANG_WARN_BLOCK_CAPTURE_AUTORELEASING = YES;
				CLANG_WARN_BOOL_CONVERSION = YES;
				CLANG_WARN_COMMA = YES;
				CLANG_WARN_CONSTANT_CONVERSION = YES;
				CLANG_WARN_DEPRECATED_OBJC_IMPLEMENTATIONS = YES;
				CLANG_WARN_DIRECT_OBJC_ISA_USAGE = YES_ERROR;
				CLANG_WARN_DOCUMENTATION_COMMENTS = YES;
				CLANG_WARN_EMPTY_BODY = YES;
				CLANG_WARN_ENUM_CONVERSION = YES;
				CLANG_WARN_INFINITE_RECURSION = YES;
				CLANG_WARN_INT_CONVERSION = YES;
				CLANG_WARN_NON_LITERAL_NULL_CONVERSION = YES;
				CLANG_WARN_OBJC_IMPLICIT_RETAIN_SELF = YES;
				CLANG_WARN_OBJC_LITERAL_CONVERSION = YES;
				CLANG_WARN_OBJC_ROOT_CLASS = YES_ERROR;
				CLANG_WARN_RANGE_LOOP_ANALYSIS = YES;
				CLANG_WARN_STRICT_PROTOTYPES = YES;
				CLANG_WARN_SUSPICIOUS_MOVE = YES;
				CLANG_WARN_UNREACHABLE_CODE = YES;
				CLANG_WARN__DUPLICATE_METHOD_MATCH = YES;
				"CODE_SIGN_IDENTITY[sdk=iphoneos*]" = "iPhone Developer";
				COPY_PHASE_STRIP = NO;
				DEBUG_INFORMATION_FORMAT = "dwarf-with-dsym";
				ENABLE_NS_ASSERTIONS = NO;
				ENABLE_STRICT_OBJC_MSGSEND = YES;
				GCC_C_LANGUAGE_STANDARD = gnu99;
				GCC_NO_COMMON_BLOCKS = YES;
				GCC_PREPROCESSOR_DEFINITIONS = "STG=1";
				GCC_WARN_64_TO_32_BIT_CONVERSION = YES;
				GCC_WARN_ABOUT_RETURN_TYPE = YES_ERROR;
				GCC_WARN_UNDECLARED_SELECTOR = YES;
				GCC_WARN_UNINITIALIZED_AUTOS = YES_AGGRESSIVE;
				GCC_WARN_UNUSED_FUNCTION = YES;
				GCC_WARN_UNUSED_VARIABLE = YES;
				IPHONEOS_DEPLOYMENT_TARGET = 9.0;
				MTL_ENABLE_DEBUG_INFO = NO;
				SDKROOT = iphoneos;
				SWIFT_ACTIVE_COMPILATION_CONDITIONS = STG;
				SWIFT_OPTIMIZATION_LEVEL = "-Owholemodule";
				SWIFT_VERSION = 4.2;
				VALIDATE_PRODUCT = YES;
			};
			name = Staging;
		};
		ECE876861EA9B979005DD06D /* Staging */ = {
			isa = XCBuildConfiguration;
			baseConfigurationReference = B2CE5B92AE45202BF1551119 /* Pods-BTOnline.staging.xcconfig */;
			buildSettings = {
				ASSETCATALOG_COMPILER_APPICON_NAME = AppIcon;
				FRAMEWORK_SEARCH_PATHS = "$(inherited)";
				INFOPLIST_FILE = "$(SRCROOT)/BTOnline/Supports/Info.plist";
				IPHONEOS_DEPLOYMENT_TARGET = 9.0;
				LD_RUNPATH_SEARCH_PATHS = "$(inherited) @executable_path/Frameworks";
				PRODUCT_BUNDLE_IDENTIFIER = vn.quangnk.dev.mvvm.btonline;
				PRODUCT_NAME = "$(TARGET_NAME)";
				SWIFT_VERSION = 4.2;
			};
			name = Staging;
		};
		ECE876871EA9B979005DD06D /* Staging */ = {
			isa = XCBuildConfiguration;
			baseConfigurationReference = 42644AAA9228B04CC7D4EB2C /* Pods-BTOnline-BTOnlineTests.staging.xcconfig */;
			buildSettings = {
				ALWAYS_EMBED_SWIFT_STANDARD_LIBRARIES = "${inherited}";
				BUNDLE_LOADER = "$(TEST_HOST)";
				INFOPLIST_FILE = MyAppTests/Info.plist;
				LD_RUNPATH_SEARCH_PATHS = "$(inherited) @executable_path/Frameworks @loader_path/Frameworks";
				PRODUCT_BUNDLE_IDENTIFIER = vn.asiantech.dev.mvvm.tests;
				PRODUCT_NAME = "$(TARGET_NAME)";
				SWIFT_VERSION = 4.2;
				TEST_HOST = "$(BUILT_PRODUCTS_DIR)/BTOnline.app/BTOnline";
			};
			name = Staging;
		};
/* End XCBuildConfiguration section */

/* Begin XCConfigurationList section */
		ECCCCB131E7A40D00073D923 /* Build configuration list for PBXProject "BTOnline" */ = {
			isa = XCConfigurationList;
			buildConfigurations = (
				ECCCCB331E7A40D10073D923 /* Debug */,
				ECCCCB341E7A40D10073D923 /* Release */,
				ECE876851EA9B979005DD06D /* Staging */,
			);
			defaultConfigurationIsVisible = 0;
			defaultConfigurationName = Release;
		};
		ECCCCB351E7A40D10073D923 /* Build configuration list for PBXNativeTarget "BTOnline" */ = {
			isa = XCConfigurationList;
			buildConfigurations = (
				ECCCCB361E7A40D10073D923 /* Debug */,
				ECCCCB371E7A40D10073D923 /* Release */,
				ECE876861EA9B979005DD06D /* Staging */,
			);
			defaultConfigurationIsVisible = 0;
			defaultConfigurationName = Release;
		};
		ECCCCB381E7A40D10073D923 /* Build configuration list for PBXNativeTarget "BTOnlineTests" */ = {
			isa = XCConfigurationList;
			buildConfigurations = (
				ECCCCB391E7A40D10073D923 /* Debug */,
				ECCCCB3A1E7A40D10073D923 /* Release */,
				ECE876871EA9B979005DD06D /* Staging */,
			);
			defaultConfigurationIsVisible = 0;
			defaultConfigurationName = Release;
		};
/* End XCConfigurationList section */
	};
	rootObject = ECCCCB101E7A40D00073D923 /* Project object */;
}
